// !$*UTF8*$!
{
	archiveVersion = 1;
	classes = {
	};
	objectVersion = 46;
	objects = {

/* Begin PBXBuildFile section */
		500B453C1EE7D19500C89375 /* CommonParsing.cpp in Sources */ = {isa = PBXBuildFile; fileRef = 500B45091EE7D19500C89375 /* CommonParsing.cpp */; };
		500B453D1EE7D19500C89375 /* Counter.cpp in Sources */ = {isa = PBXBuildFile; fileRef = 500B450B1EE7D19500C89375 /* Counter.cpp */; };
		500B45411EE7D19500C89375 /* HearbeatTask.cpp in Sources */ = {isa = PBXBuildFile; fileRef = 500B45131EE7D19500C89375 /* HearbeatTask.cpp */; };
		500B45421EE7D19500C89375 /* IImClient.cpp in Sources */ = {isa = PBXBuildFile; fileRef = 500B45151EE7D19500C89375 /* IImClient.cpp */; };
		500B45431EE7D19500C89375 /* ImClient.cpp in Sources */ = {isa = PBXBuildFile; fileRef = 500B45181EE7D19500C89375 /* ImClient.cpp */; };
		500B45441EE7D19500C89375 /* ITask.cpp in Sources */ = {isa = PBXBuildFile; fileRef = 500B451A1EE7D19500C89375 /* ITask.cpp */; };
		500B45451EE7D19500C89375 /* IThreadHandler.cpp in Sources */ = {isa = PBXBuildFile; fileRef = 500B451D1EE7D19500C89375 /* IThreadHandler.cpp */; };
		500B45461EE7D19500C89375 /* ITransportClient.cpp in Sources */ = {isa = PBXBuildFile; fileRef = 500B451F1EE7D19500C89375 /* ITransportClient.cpp */; };
		500B45471EE7D19500C89375 /* ITransportDataHandler.cpp in Sources */ = {isa = PBXBuildFile; fileRef = 500B45211EE7D19500C89375 /* ITransportDataHandler.cpp */; };
		500B45481EE7D19500C89375 /* ITransportPacketHandler.cpp in Sources */ = {isa = PBXBuildFile; fileRef = 500B45231EE7D19500C89375 /* ITransportPacketHandler.cpp */; };
		500B45491EE7D19500C89375 /* LoginTask.cpp in Sources */ = {isa = PBXBuildFile; fileRef = 500B45251EE7D19500C89375 /* LoginTask.cpp */; };
		500B454F1EE7D19500C89375 /* TaskManager.cpp in Sources */ = {isa = PBXBuildFile; fileRef = 500B45321EE7D19500C89375 /* TaskManager.cpp */; };
		500B45501EE7D19500C89375 /* TaskMapManager.cpp in Sources */ = {isa = PBXBuildFile; fileRef = 500B45341EE7D19500C89375 /* TaskMapManager.cpp */; };
		500B45511EE7D19500C89375 /* TransportClient.cpp in Sources */ = {isa = PBXBuildFile; fileRef = 500B45361EE7D19500C89375 /* TransportClient.cpp */; };
		500B45521EE7D19500C89375 /* TransportDataHandler.cpp in Sources */ = {isa = PBXBuildFile; fileRef = 500B45381EE7D19500C89375 /* TransportDataHandler.cpp */; };
		500B45531EE7D19500C89375 /* TransportPacketHandler.cpp in Sources */ = {isa = PBXBuildFile; fileRef = 500B453A1EE7D19500C89375 /* TransportPacketHandler.cpp */; };
		5055918B1EF3E4AB000AF03A /* KickOffTask.cpp in Sources */ = {isa = PBXBuildFile; fileRef = 505591771EF3E4AB000AF03A /* KickOffTask.cpp */; };
		506BC25B1F58FCE1001C2962 /* RecvBackpackUpdateNoticeTask.cpp in Sources */ = {isa = PBXBuildFile; fileRef = 506BC21F1F58FCE1001C2962 /* RecvBackpackUpdateNoticeTask.cpp */; };
		506BC25C1F58FCE1001C2962 /* RecvBookingNoticeTask.cpp in Sources */ = {isa = PBXBuildFile; fileRef = 506BC2211F58FCE1001C2962 /* RecvBookingNoticeTask.cpp */; };
		506BC25D1F58FCE1001C2962 /* RecvChangeVideoUrlTask.cpp in Sources */ = {isa = PBXBuildFile; fileRef = 506BC2231F58FCE1001C2962 /* RecvChangeVideoUrlTask.cpp */; };
		506BC25E1F58FCE1001C2962 /* RecvCreditNoticeTask.cpp in Sources */ = {isa = PBXBuildFile; fileRef = 506BC2251F58FCE1001C2962 /* RecvCreditNoticeTask.cpp */; };
		506BC25F1F58FCE1001C2962 /* RecvEnterRoomNoticeTask.cpp in Sources */ = {isa = PBXBuildFile; fileRef = 506BC2271F58FCE1001C2962 /* RecvEnterRoomNoticeTask.cpp */; };
		506BC2601F58FCE1001C2962 /* RecvInstantInviteReplyNoticeTask.cpp in Sources */ = {isa = PBXBuildFile; fileRef = 506BC2291F58FCE1001C2962 /* RecvInstantInviteReplyNoticeTask.cpp */; };
		506BC2611F58FCE1001C2962 /* RecvInstantInviteUserNoticeTask.cpp in Sources */ = {isa = PBXBuildFile; fileRef = 506BC22B1F58FCE1001C2962 /* RecvInstantInviteUserNoticeTask.cpp */; };
		506BC2621F58FCE1001C2962 /* RecvLackOfCreditNoticeTask.cpp in Sources */ = {isa = PBXBuildFile; fileRef = 506BC22D1F58FCE1001C2962 /* RecvLackOfCreditNoticeTask.cpp */; };
		506BC2631F58FCE1001C2962 /* RecvLeaveRoomNoticeTask.cpp in Sources */ = {isa = PBXBuildFile; fileRef = 506BC22F1F58FCE1001C2962 /* RecvLeaveRoomNoticeTask.cpp */; };
		506BC2641F58FCE1001C2962 /* RecvLeavingPublicRoomNoticeTask.cpp in Sources */ = {isa = PBXBuildFile; fileRef = 506BC2311F58FCE1001C2962 /* RecvLeavingPublicRoomNoticeTask.cpp */; };
		506BC2651F58FCE1001C2962 /* RecvLevelUpNoticeTask.cpp in Sources */ = {isa = PBXBuildFile; fileRef = 506BC2331F58FCE1001C2962 /* RecvLevelUpNoticeTask.cpp */; };
		506BC2661F58FCE1001C2962 /* RecvLoveLevelUpNoticeTask.cpp in Sources */ = {isa = PBXBuildFile; fileRef = 506BC2351F58FCE1001C2962 /* RecvLoveLevelUpNoticeTask.cpp */; };
		506BC2671F58FCE1001C2962 /* RecvRebateInfoNoticeTask.cpp in Sources */ = {isa = PBXBuildFile; fileRef = 506BC2371F58FCE1001C2962 /* RecvRebateInfoNoticeTask.cpp */; };
		506BC2681F58FCE1001C2962 /* RecvRoomCloseNoticeTask.cpp in Sources */ = {isa = PBXBuildFile; fileRef = 506BC2391F58FCE1001C2962 /* RecvRoomCloseNoticeTask.cpp */; };
		506BC2691F58FCE1001C2962 /* RecvRoomKickoffNoticeTask.cpp in Sources */ = {isa = PBXBuildFile; fileRef = 506BC23B1F58FCE1001C2962 /* RecvRoomKickoffNoticeTask.cpp */; };
		506BC26A1F58FCE1001C2962 /* RecvScheduledInviteUserNoticeTask.cpp in Sources */ = {isa = PBXBuildFile; fileRef = 506BC23D1F58FCE1001C2962 /* RecvScheduledInviteUserNoticeTask.cpp */; };
		506BC26B1F58FCE1001C2962 /* RecvSendBookingReplyNoticeTask.cpp in Sources */ = {isa = PBXBuildFile; fileRef = 506BC23F1F58FCE1001C2962 /* RecvSendBookingReplyNoticeTask.cpp */; };
		506BC26C1F58FCE1001C2962 /* RecvSendChatNoticeTask.cpp in Sources */ = {isa = PBXBuildFile; fileRef = 506BC2411F58FCE1001C2962 /* RecvSendChatNoticeTask.cpp */; };
		506BC26D1F58FCE1001C2962 /* RecvSendGiftNoticeTask.cpp in Sources */ = {isa = PBXBuildFile; fileRef = 506BC2431F58FCE1001C2962 /* RecvSendGiftNoticeTask.cpp */; };
		506BC26E1F58FCE1001C2962 /* RecvSendTalentNoticeTask.cpp in Sources */ = {isa = PBXBuildFile; fileRef = 506BC2451F58FCE1001C2962 /* RecvSendTalentNoticeTask.cpp */; };
		506BC26F1F58FCE1001C2962 /* RecvSendToastNoticeTask.cpp in Sources */ = {isa = PBXBuildFile; fileRef = 506BC2471F58FCE1001C2962 /* RecvSendToastNoticeTask.cpp */; };
		506BC2701F58FCE1001C2962 /* RecvWaitStartOverNoticeTask.cpp in Sources */ = {isa = PBXBuildFile; fileRef = 506BC2491F58FCE1001C2962 /* RecvWaitStartOverNoticeTask.cpp */; };
		506BC2711F58FCE1001C2962 /* RoomInTask.cpp in Sources */ = {isa = PBXBuildFile; fileRef = 506BC24B1F58FCE1001C2962 /* RoomInTask.cpp */; };
		506BC2721F58FCE1001C2962 /* RoomOutTask.cpp in Sources */ = {isa = PBXBuildFile; fileRef = 506BC24D1F58FCE1001C2962 /* RoomOutTask.cpp */; };
		506BC2731F58FCE1001C2962 /* SendCancelPrivateLiveInviteTask.cpp in Sources */ = {isa = PBXBuildFile; fileRef = 506BC24F1F58FCE1001C2962 /* SendCancelPrivateLiveInviteTask.cpp */; };
		506BC2741F58FCE1001C2962 /* SendGiftTask.cpp in Sources */ = {isa = PBXBuildFile; fileRef = 506BC2511F58FCE1001C2962 /* SendGiftTask.cpp */; };
		506BC2751F58FCE1001C2962 /* SendLiveChatTask.cpp in Sources */ = {isa = PBXBuildFile; fileRef = 506BC2531F58FCE1001C2962 /* SendLiveChatTask.cpp */; };
		506BC2761F58FCE1001C2962 /* SendPrivateLiveInviteTask.cpp in Sources */ = {isa = PBXBuildFile; fileRef = 506BC2551F58FCE1001C2962 /* SendPrivateLiveInviteTask.cpp */; };
		506BC2771F58FCE1001C2962 /* SendTalentTask.cpp in Sources */ = {isa = PBXBuildFile; fileRef = 506BC2571F58FCE1001C2962 /* SendTalentTask.cpp */; };
		506BC2781F58FCE1001C2962 /* SendToastTask.cpp in Sources */ = {isa = PBXBuildFile; fileRef = 506BC2591F58FCE1001C2962 /* SendToastTask.cpp */; };
		506BC2861F58FD91001C2962 /* BackpackInfoObject.m in Sources */ = {isa = PBXBuildFile; fileRef = 506BC27B1F58FD91001C2962 /* BackpackInfoObject.m */; };
		506BC2871F58FD91001C2962 /* GiftInfoObject.m in Sources */ = {isa = PBXBuildFile; fileRef = 506BC27D1F58FD91001C2962 /* GiftInfoObject.m */; };
		506BC2881F58FD91001C2962 /* RebateInfoObject.m in Sources */ = {isa = PBXBuildFile; fileRef = 506BC27F1F58FD91001C2962 /* RebateInfoObject.m */; };
		506BC2891F58FD91001C2962 /* RideInfoObject.m in Sources */ = {isa = PBXBuildFile; fileRef = 506BC2811F58FD91001C2962 /* RideInfoObject.m */; };
		506BC28A1F58FD91001C2962 /* RoomTopFanItemObject.m in Sources */ = {isa = PBXBuildFile; fileRef = 506BC2831F58FD91001C2962 /* RoomTopFanItemObject.m */; };
		506BC28B1F58FD91001C2962 /* VoucherInfoObject.m in Sources */ = {isa = PBXBuildFile; fileRef = 506BC2851F58FD91001C2962 /* VoucherInfoObject.m */; };
		50F3839F1EE68A2C003D2765 /* ImClientOC.mm in Sources */ = {isa = PBXBuildFile; fileRef = 50F3839B1EE68A2C003D2765 /* ImClientOC.mm */; };
		FA1CEBD81F611B760010E671 /* ControlManPushTask.cpp in Sources */ = {isa = PBXBuildFile; fileRef = FA1CEBD61F611B760010E671 /* ControlManPushTask.cpp */; };
		FA48E48F1F60EAA000D590E1 /* ImScheduleRoomObject.m in Sources */ = {isa = PBXBuildFile; fileRef = FA48E48E1F60EAA000D590E1 /* ImScheduleRoomObject.m */; };
		FA48E4921F60EC2300D590E1 /* ImInviteIdItemObject.m in Sources */ = {isa = PBXBuildFile; fileRef = FA48E4911F60EC2300D590E1 /* ImInviteIdItemObject.m */; };
		FA48E49B1F60F10300D590E1 /* ImLoginReturnObject.m in Sources */ = {isa = PBXBuildFile; fileRef = FA48E49A1F60F10300D590E1 /* ImLoginReturnObject.m */; };
		FA84AF3A1F5F8B1000D91411 /* ImLiveRoomObject.m in Sources */ = {isa = PBXBuildFile; fileRef = FA84AF391F5F8B1000D91411 /* ImLiveRoomObject.m */; };
		FA84AF3D1F5F9B9800D91411 /* RecvSendSystemNoticeTask.cpp in Sources */ = {isa = PBXBuildFile; fileRef = FA84AF3B1F5F9B9800D91411 /* RecvSendSystemNoticeTask.cpp */; };
		FAB694151F5EA11C008A64B6 /* PublicRoomInTask.cpp in Sources */ = {isa = PBXBuildFile; fileRef = FAB694131F5EA11C008A64B6 /* PublicRoomInTask.cpp */; };
/* End PBXBuildFile section */

/* Begin PBXCopyFilesBuildPhase section */
		50F383301EE68807003D2765 /* CopyFiles */ = {
			isa = PBXCopyFilesBuildPhase;
			buildActionMask = 2147483647;
			dstPath = "include/$(PRODUCT_NAME)";
			dstSubfolderSpec = 16;
			files = (
			);
			runOnlyForDeploymentPostprocessing = 0;
		};
/* End PBXCopyFilesBuildPhase section */

/* Begin PBXFileReference section */
		500B45071EE7D19500C89375 /* AmfPublicParse.h */ = {isa = PBXFileReference; fileEncoding = 4; lastKnownFileType = sourcecode.c.h; path = AmfPublicParse.h; sourceTree = "<group>"; };
		500B45091EE7D19500C89375 /* CommonParsing.cpp */ = {isa = PBXFileReference; fileEncoding = 4; lastKnownFileType = sourcecode.cpp.cpp; path = CommonParsing.cpp; sourceTree = "<group>"; };
		500B450A1EE7D19500C89375 /* CommonParsing.h */ = {isa = PBXFileReference; fileEncoding = 4; lastKnownFileType = sourcecode.c.h; path = CommonParsing.h; sourceTree = "<group>"; };
		500B450B1EE7D19500C89375 /* Counter.cpp */ = {isa = PBXFileReference; fileEncoding = 4; lastKnownFileType = sourcecode.cpp.cpp; path = Counter.cpp; sourceTree = "<group>"; };
		500B450C1EE7D19500C89375 /* Counter.h */ = {isa = PBXFileReference; fileEncoding = 4; lastKnownFileType = sourcecode.c.h; path = Counter.h; sourceTree = "<group>"; };
		500B45131EE7D19500C89375 /* HearbeatTask.cpp */ = {isa = PBXFileReference; fileEncoding = 4; lastKnownFileType = sourcecode.cpp.cpp; path = HearbeatTask.cpp; sourceTree = "<group>"; };
		500B45141EE7D19500C89375 /* HearbeatTask.h */ = {isa = PBXFileReference; fileEncoding = 4; lastKnownFileType = sourcecode.c.h; path = HearbeatTask.h; sourceTree = "<group>"; };
		500B45151EE7D19500C89375 /* IImClient.cpp */ = {isa = PBXFileReference; fileEncoding = 4; lastKnownFileType = sourcecode.cpp.cpp; path = IImClient.cpp; sourceTree = "<group>"; };
		500B45161EE7D19500C89375 /* IImClient.h */ = {isa = PBXFileReference; fileEncoding = 4; lastKnownFileType = sourcecode.c.h; path = IImClient.h; sourceTree = "<group>"; };
		500B45171EE7D19500C89375 /* IImClientDef.h */ = {isa = PBXFileReference; fileEncoding = 4; lastKnownFileType = sourcecode.c.h; path = IImClientDef.h; sourceTree = "<group>"; };
		500B45181EE7D19500C89375 /* ImClient.cpp */ = {isa = PBXFileReference; fileEncoding = 4; lastKnownFileType = sourcecode.cpp.cpp; path = ImClient.cpp; sourceTree = "<group>"; };
		500B45191EE7D19500C89375 /* ImClient.h */ = {isa = PBXFileReference; fileEncoding = 4; lastKnownFileType = sourcecode.c.h; path = ImClient.h; sourceTree = "<group>"; };
		500B451A1EE7D19500C89375 /* ITask.cpp */ = {isa = PBXFileReference; fileEncoding = 4; lastKnownFileType = sourcecode.cpp.cpp; path = ITask.cpp; sourceTree = "<group>"; };
		500B451B1EE7D19500C89375 /* ITask.h */ = {isa = PBXFileReference; fileEncoding = 4; lastKnownFileType = sourcecode.c.h; path = ITask.h; sourceTree = "<group>"; };
		500B451C1EE7D19500C89375 /* ITaskManager.h */ = {isa = PBXFileReference; fileEncoding = 4; lastKnownFileType = sourcecode.c.h; path = ITaskManager.h; sourceTree = "<group>"; };
		500B451D1EE7D19500C89375 /* IThreadHandler.cpp */ = {isa = PBXFileReference; fileEncoding = 4; lastKnownFileType = sourcecode.cpp.cpp; path = IThreadHandler.cpp; sourceTree = "<group>"; };
		500B451E1EE7D19500C89375 /* IThreadHandler.h */ = {isa = PBXFileReference; fileEncoding = 4; lastKnownFileType = sourcecode.c.h; path = IThreadHandler.h; sourceTree = "<group>"; };
		500B451F1EE7D19500C89375 /* ITransportClient.cpp */ = {isa = PBXFileReference; fileEncoding = 4; lastKnownFileType = sourcecode.cpp.cpp; path = ITransportClient.cpp; sourceTree = "<group>"; };
		500B45201EE7D19500C89375 /* ITransportClient.h */ = {isa = PBXFileReference; fileEncoding = 4; lastKnownFileType = sourcecode.c.h; path = ITransportClient.h; sourceTree = "<group>"; };
		500B45211EE7D19500C89375 /* ITransportDataHandler.cpp */ = {isa = PBXFileReference; fileEncoding = 4; lastKnownFileType = sourcecode.cpp.cpp; path = ITransportDataHandler.cpp; sourceTree = "<group>"; };
		500B45221EE7D19500C89375 /* ITransportDataHandler.h */ = {isa = PBXFileReference; fileEncoding = 4; lastKnownFileType = sourcecode.c.h; path = ITransportDataHandler.h; sourceTree = "<group>"; };
		500B45231EE7D19500C89375 /* ITransportPacketHandler.cpp */ = {isa = PBXFileReference; fileEncoding = 4; lastKnownFileType = sourcecode.cpp.cpp; path = ITransportPacketHandler.cpp; sourceTree = "<group>"; };
		500B45241EE7D19500C89375 /* ITransportPacketHandler.h */ = {isa = PBXFileReference; fileEncoding = 4; lastKnownFileType = sourcecode.c.h; path = ITransportPacketHandler.h; sourceTree = "<group>"; };
		500B45251EE7D19500C89375 /* LoginTask.cpp */ = {isa = PBXFileReference; fileEncoding = 4; lastKnownFileType = sourcecode.cpp.cpp; path = LoginTask.cpp; sourceTree = "<group>"; };
		500B45261EE7D19500C89375 /* LoginTask.h */ = {isa = PBXFileReference; fileEncoding = 4; lastKnownFileType = sourcecode.c.h; path = LoginTask.h; sourceTree = "<group>"; };
		500B45311EE7D19500C89375 /* TaskDef.h */ = {isa = PBXFileReference; fileEncoding = 4; lastKnownFileType = sourcecode.c.h; path = TaskDef.h; sourceTree = "<group>"; };
		500B45321EE7D19500C89375 /* TaskManager.cpp */ = {isa = PBXFileReference; fileEncoding = 4; lastKnownFileType = sourcecode.cpp.cpp; path = TaskManager.cpp; sourceTree = "<group>"; };
		500B45331EE7D19500C89375 /* TaskManager.h */ = {isa = PBXFileReference; fileEncoding = 4; lastKnownFileType = sourcecode.c.h; path = TaskManager.h; sourceTree = "<group>"; };
		500B45341EE7D19500C89375 /* TaskMapManager.cpp */ = {isa = PBXFileReference; fileEncoding = 4; lastKnownFileType = sourcecode.cpp.cpp; path = TaskMapManager.cpp; sourceTree = "<group>"; };
		500B45351EE7D19500C89375 /* TaskMapManager.h */ = {isa = PBXFileReference; fileEncoding = 4; lastKnownFileType = sourcecode.c.h; path = TaskMapManager.h; sourceTree = "<group>"; };
		500B45361EE7D19500C89375 /* TransportClient.cpp */ = {isa = PBXFileReference; fileEncoding = 4; lastKnownFileType = sourcecode.cpp.cpp; path = TransportClient.cpp; sourceTree = "<group>"; };
		500B45371EE7D19500C89375 /* TransportClient.h */ = {isa = PBXFileReference; fileEncoding = 4; lastKnownFileType = sourcecode.c.h; path = TransportClient.h; sourceTree = "<group>"; };
		500B45381EE7D19500C89375 /* TransportDataHandler.cpp */ = {isa = PBXFileReference; fileEncoding = 4; lastKnownFileType = sourcecode.cpp.cpp; path = TransportDataHandler.cpp; sourceTree = "<group>"; };
		500B45391EE7D19500C89375 /* TransportDataHandler.h */ = {isa = PBXFileReference; fileEncoding = 4; lastKnownFileType = sourcecode.c.h; path = TransportDataHandler.h; sourceTree = "<group>"; };
		500B453A1EE7D19500C89375 /* TransportPacketHandler.cpp */ = {isa = PBXFileReference; fileEncoding = 4; lastKnownFileType = sourcecode.cpp.cpp; path = TransportPacketHandler.cpp; sourceTree = "<group>"; };
		500B453B1EE7D19500C89375 /* TransportPacketHandler.h */ = {isa = PBXFileReference; fileEncoding = 4; lastKnownFileType = sourcecode.c.h; path = TransportPacketHandler.h; sourceTree = "<group>"; };
		5034E21B1F5FE0D900334B76 /* ImHeader.h */ = {isa = PBXFileReference; lastKnownFileType = sourcecode.c.h; path = ImHeader.h; sourceTree = "<group>"; };
		505591771EF3E4AB000AF03A /* KickOffTask.cpp */ = {isa = PBXFileReference; fileEncoding = 4; lastKnownFileType = sourcecode.cpp.cpp; path = KickOffTask.cpp; sourceTree = "<group>"; };
		505591781EF3E4AB000AF03A /* KickOffTask.h */ = {isa = PBXFileReference; fileEncoding = 4; lastKnownFileType = sourcecode.c.h; path = KickOffTask.h; sourceTree = "<group>"; };
		506BC21F1F58FCE1001C2962 /* RecvBackpackUpdateNoticeTask.cpp */ = {isa = PBXFileReference; fileEncoding = 4; lastKnownFileType = sourcecode.cpp.cpp; path = RecvBackpackUpdateNoticeTask.cpp; sourceTree = "<group>"; };
		506BC2201F58FCE1001C2962 /* RecvBackpackUpdateNoticeTask.h */ = {isa = PBXFileReference; fileEncoding = 4; lastKnownFileType = sourcecode.c.h; path = RecvBackpackUpdateNoticeTask.h; sourceTree = "<group>"; };
		506BC2211F58FCE1001C2962 /* RecvBookingNoticeTask.cpp */ = {isa = PBXFileReference; fileEncoding = 4; lastKnownFileType = sourcecode.cpp.cpp; path = RecvBookingNoticeTask.cpp; sourceTree = "<group>"; };
		506BC2221F58FCE1001C2962 /* RecvBookingNoticeTask.h */ = {isa = PBXFileReference; fileEncoding = 4; lastKnownFileType = sourcecode.c.h; path = RecvBookingNoticeTask.h; sourceTree = "<group>"; };
		506BC2231F58FCE1001C2962 /* RecvChangeVideoUrlTask.cpp */ = {isa = PBXFileReference; fileEncoding = 4; lastKnownFileType = sourcecode.cpp.cpp; path = RecvChangeVideoUrlTask.cpp; sourceTree = "<group>"; };
		506BC2241F58FCE1001C2962 /* RecvChangeVideoUrlTask.h */ = {isa = PBXFileReference; fileEncoding = 4; lastKnownFileType = sourcecode.c.h; path = RecvChangeVideoUrlTask.h; sourceTree = "<group>"; };
		506BC2251F58FCE1001C2962 /* RecvCreditNoticeTask.cpp */ = {isa = PBXFileReference; fileEncoding = 4; lastKnownFileType = sourcecode.cpp.cpp; path = RecvCreditNoticeTask.cpp; sourceTree = "<group>"; };
		506BC2261F58FCE1001C2962 /* RecvCreditNoticeTask.h */ = {isa = PBXFileReference; fileEncoding = 4; lastKnownFileType = sourcecode.c.h; path = RecvCreditNoticeTask.h; sourceTree = "<group>"; };
		506BC2271F58FCE1001C2962 /* RecvEnterRoomNoticeTask.cpp */ = {isa = PBXFileReference; fileEncoding = 4; lastKnownFileType = sourcecode.cpp.cpp; path = RecvEnterRoomNoticeTask.cpp; sourceTree = "<group>"; };
		506BC2281F58FCE1001C2962 /* RecvEnterRoomNoticeTask.h */ = {isa = PBXFileReference; fileEncoding = 4; lastKnownFileType = sourcecode.c.h; path = RecvEnterRoomNoticeTask.h; sourceTree = "<group>"; };
		506BC2291F58FCE1001C2962 /* RecvInstantInviteReplyNoticeTask.cpp */ = {isa = PBXFileReference; fileEncoding = 4; lastKnownFileType = sourcecode.cpp.cpp; path = RecvInstantInviteReplyNoticeTask.cpp; sourceTree = "<group>"; };
		506BC22A1F58FCE1001C2962 /* RecvInstantInviteReplyNoticeTask.h */ = {isa = PBXFileReference; fileEncoding = 4; lastKnownFileType = sourcecode.c.h; path = RecvInstantInviteReplyNoticeTask.h; sourceTree = "<group>"; };
		506BC22B1F58FCE1001C2962 /* RecvInstantInviteUserNoticeTask.cpp */ = {isa = PBXFileReference; fileEncoding = 4; lastKnownFileType = sourcecode.cpp.cpp; path = RecvInstantInviteUserNoticeTask.cpp; sourceTree = "<group>"; };
		506BC22C1F58FCE1001C2962 /* RecvInstantInviteUserNoticeTask.h */ = {isa = PBXFileReference; fileEncoding = 4; lastKnownFileType = sourcecode.c.h; path = RecvInstantInviteUserNoticeTask.h; sourceTree = "<group>"; };
		506BC22D1F58FCE1001C2962 /* RecvLackOfCreditNoticeTask.cpp */ = {isa = PBXFileReference; fileEncoding = 4; lastKnownFileType = sourcecode.cpp.cpp; path = RecvLackOfCreditNoticeTask.cpp; sourceTree = "<group>"; };
		506BC22E1F58FCE1001C2962 /* RecvLackOfCreditNoticeTask.h */ = {isa = PBXFileReference; fileEncoding = 4; lastKnownFileType = sourcecode.c.h; path = RecvLackOfCreditNoticeTask.h; sourceTree = "<group>"; };
		506BC22F1F58FCE1001C2962 /* RecvLeaveRoomNoticeTask.cpp */ = {isa = PBXFileReference; fileEncoding = 4; lastKnownFileType = sourcecode.cpp.cpp; path = RecvLeaveRoomNoticeTask.cpp; sourceTree = "<group>"; };
		506BC2301F58FCE1001C2962 /* RecvLeaveRoomNoticeTask.h */ = {isa = PBXFileReference; fileEncoding = 4; lastKnownFileType = sourcecode.c.h; path = RecvLeaveRoomNoticeTask.h; sourceTree = "<group>"; };
		506BC2311F58FCE1001C2962 /* RecvLeavingPublicRoomNoticeTask.cpp */ = {isa = PBXFileReference; fileEncoding = 4; lastKnownFileType = sourcecode.cpp.cpp; path = RecvLeavingPublicRoomNoticeTask.cpp; sourceTree = "<group>"; };
		506BC2321F58FCE1001C2962 /* RecvLeavingPublicRoomNoticeTask.h */ = {isa = PBXFileReference; fileEncoding = 4; lastKnownFileType = sourcecode.c.h; path = RecvLeavingPublicRoomNoticeTask.h; sourceTree = "<group>"; };
		506BC2331F58FCE1001C2962 /* RecvLevelUpNoticeTask.cpp */ = {isa = PBXFileReference; fileEncoding = 4; lastKnownFileType = sourcecode.cpp.cpp; path = RecvLevelUpNoticeTask.cpp; sourceTree = "<group>"; };
		506BC2341F58FCE1001C2962 /* RecvLevelUpNoticeTask.h */ = {isa = PBXFileReference; fileEncoding = 4; lastKnownFileType = sourcecode.c.h; path = RecvLevelUpNoticeTask.h; sourceTree = "<group>"; };
		506BC2351F58FCE1001C2962 /* RecvLoveLevelUpNoticeTask.cpp */ = {isa = PBXFileReference; fileEncoding = 4; lastKnownFileType = sourcecode.cpp.cpp; path = RecvLoveLevelUpNoticeTask.cpp; sourceTree = "<group>"; };
		506BC2361F58FCE1001C2962 /* RecvLoveLevelUpNoticeTask.h */ = {isa = PBXFileReference; fileEncoding = 4; lastKnownFileType = sourcecode.c.h; path = RecvLoveLevelUpNoticeTask.h; sourceTree = "<group>"; };
		506BC2371F58FCE1001C2962 /* RecvRebateInfoNoticeTask.cpp */ = {isa = PBXFileReference; fileEncoding = 4; lastKnownFileType = sourcecode.cpp.cpp; path = RecvRebateInfoNoticeTask.cpp; sourceTree = "<group>"; };
		506BC2381F58FCE1001C2962 /* RecvRebateInfoNoticeTask.h */ = {isa = PBXFileReference; fileEncoding = 4; lastKnownFileType = sourcecode.c.h; path = RecvRebateInfoNoticeTask.h; sourceTree = "<group>"; };
		506BC2391F58FCE1001C2962 /* RecvRoomCloseNoticeTask.cpp */ = {isa = PBXFileReference; fileEncoding = 4; lastKnownFileType = sourcecode.cpp.cpp; path = RecvRoomCloseNoticeTask.cpp; sourceTree = "<group>"; };
		506BC23A1F58FCE1001C2962 /* RecvRoomCloseNoticeTask.h */ = {isa = PBXFileReference; fileEncoding = 4; lastKnownFileType = sourcecode.c.h; path = RecvRoomCloseNoticeTask.h; sourceTree = "<group>"; };
		506BC23B1F58FCE1001C2962 /* RecvRoomKickoffNoticeTask.cpp */ = {isa = PBXFileReference; fileEncoding = 4; lastKnownFileType = sourcecode.cpp.cpp; path = RecvRoomKickoffNoticeTask.cpp; sourceTree = "<group>"; };
		506BC23C1F58FCE1001C2962 /* RecvRoomKickoffNoticeTask.h */ = {isa = PBXFileReference; fileEncoding = 4; lastKnownFileType = sourcecode.c.h; path = RecvRoomKickoffNoticeTask.h; sourceTree = "<group>"; };
		506BC23D1F58FCE1001C2962 /* RecvScheduledInviteUserNoticeTask.cpp */ = {isa = PBXFileReference; fileEncoding = 4; lastKnownFileType = sourcecode.cpp.cpp; path = RecvScheduledInviteUserNoticeTask.cpp; sourceTree = "<group>"; };
		506BC23E1F58FCE1001C2962 /* RecvScheduledInviteUserNoticeTask.h */ = {isa = PBXFileReference; fileEncoding = 4; lastKnownFileType = sourcecode.c.h; path = RecvScheduledInviteUserNoticeTask.h; sourceTree = "<group>"; };
		506BC23F1F58FCE1001C2962 /* RecvSendBookingReplyNoticeTask.cpp */ = {isa = PBXFileReference; fileEncoding = 4; lastKnownFileType = sourcecode.cpp.cpp; path = RecvSendBookingReplyNoticeTask.cpp; sourceTree = "<group>"; };
		506BC2401F58FCE1001C2962 /* RecvSendBookingReplyNoticeTask.h */ = {isa = PBXFileReference; fileEncoding = 4; lastKnownFileType = sourcecode.c.h; path = RecvSendBookingReplyNoticeTask.h; sourceTree = "<group>"; };
		506BC2411F58FCE1001C2962 /* RecvSendChatNoticeTask.cpp */ = {isa = PBXFileReference; fileEncoding = 4; lastKnownFileType = sourcecode.cpp.cpp; path = RecvSendChatNoticeTask.cpp; sourceTree = "<group>"; };
		506BC2421F58FCE1001C2962 /* RecvSendChatNoticeTask.h */ = {isa = PBXFileReference; fileEncoding = 4; lastKnownFileType = sourcecode.c.h; path = RecvSendChatNoticeTask.h; sourceTree = "<group>"; };
		506BC2431F58FCE1001C2962 /* RecvSendGiftNoticeTask.cpp */ = {isa = PBXFileReference; fileEncoding = 4; lastKnownFileType = sourcecode.cpp.cpp; path = RecvSendGiftNoticeTask.cpp; sourceTree = "<group>"; };
		506BC2441F58FCE1001C2962 /* RecvSendGiftNoticeTask.h */ = {isa = PBXFileReference; fileEncoding = 4; lastKnownFileType = sourcecode.c.h; path = RecvSendGiftNoticeTask.h; sourceTree = "<group>"; };
		506BC2451F58FCE1001C2962 /* RecvSendTalentNoticeTask.cpp */ = {isa = PBXFileReference; fileEncoding = 4; lastKnownFileType = sourcecode.cpp.cpp; path = RecvSendTalentNoticeTask.cpp; sourceTree = "<group>"; };
		506BC2461F58FCE1001C2962 /* RecvSendTalentNoticeTask.h */ = {isa = PBXFileReference; fileEncoding = 4; lastKnownFileType = sourcecode.c.h; path = RecvSendTalentNoticeTask.h; sourceTree = "<group>"; };
		506BC2471F58FCE1001C2962 /* RecvSendToastNoticeTask.cpp */ = {isa = PBXFileReference; fileEncoding = 4; lastKnownFileType = sourcecode.cpp.cpp; path = RecvSendToastNoticeTask.cpp; sourceTree = "<group>"; };
		506BC2481F58FCE1001C2962 /* RecvSendToastNoticeTask.h */ = {isa = PBXFileReference; fileEncoding = 4; lastKnownFileType = sourcecode.c.h; path = RecvSendToastNoticeTask.h; sourceTree = "<group>"; };
		506BC2491F58FCE1001C2962 /* RecvWaitStartOverNoticeTask.cpp */ = {isa = PBXFileReference; fileEncoding = 4; lastKnownFileType = sourcecode.cpp.cpp; path = RecvWaitStartOverNoticeTask.cpp; sourceTree = "<group>"; };
		506BC24A1F58FCE1001C2962 /* RecvWaitStartOverNoticeTask.h */ = {isa = PBXFileReference; fileEncoding = 4; lastKnownFileType = sourcecode.c.h; path = RecvWaitStartOverNoticeTask.h; sourceTree = "<group>"; };
		506BC24B1F58FCE1001C2962 /* RoomInTask.cpp */ = {isa = PBXFileReference; fileEncoding = 4; lastKnownFileType = sourcecode.cpp.cpp; path = RoomInTask.cpp; sourceTree = "<group>"; };
		506BC24C1F58FCE1001C2962 /* RoomInTask.h */ = {isa = PBXFileReference; fileEncoding = 4; lastKnownFileType = sourcecode.c.h; path = RoomInTask.h; sourceTree = "<group>"; };
		506BC24D1F58FCE1001C2962 /* RoomOutTask.cpp */ = {isa = PBXFileReference; fileEncoding = 4; lastKnownFileType = sourcecode.cpp.cpp; path = RoomOutTask.cpp; sourceTree = "<group>"; };
		506BC24E1F58FCE1001C2962 /* RoomOutTask.h */ = {isa = PBXFileReference; fileEncoding = 4; lastKnownFileType = sourcecode.c.h; path = RoomOutTask.h; sourceTree = "<group>"; };
		506BC24F1F58FCE1001C2962 /* SendCancelPrivateLiveInviteTask.cpp */ = {isa = PBXFileReference; fileEncoding = 4; lastKnownFileType = sourcecode.cpp.cpp; path = SendCancelPrivateLiveInviteTask.cpp; sourceTree = "<group>"; };
		506BC2501F58FCE1001C2962 /* SendCancelPrivateLiveInviteTask.h */ = {isa = PBXFileReference; fileEncoding = 4; lastKnownFileType = sourcecode.c.h; path = SendCancelPrivateLiveInviteTask.h; sourceTree = "<group>"; };
		506BC2511F58FCE1001C2962 /* SendGiftTask.cpp */ = {isa = PBXFileReference; fileEncoding = 4; lastKnownFileType = sourcecode.cpp.cpp; path = SendGiftTask.cpp; sourceTree = "<group>"; };
		506BC2521F58FCE1001C2962 /* SendGiftTask.h */ = {isa = PBXFileReference; fileEncoding = 4; lastKnownFileType = sourcecode.c.h; path = SendGiftTask.h; sourceTree = "<group>"; };
		506BC2531F58FCE1001C2962 /* SendLiveChatTask.cpp */ = {isa = PBXFileReference; fileEncoding = 4; lastKnownFileType = sourcecode.cpp.cpp; path = SendLiveChatTask.cpp; sourceTree = "<group>"; };
		506BC2541F58FCE1001C2962 /* SendLiveChatTask.h */ = {isa = PBXFileReference; fileEncoding = 4; lastKnownFileType = sourcecode.c.h; path = SendLiveChatTask.h; sourceTree = "<group>"; };
		506BC2551F58FCE1001C2962 /* SendPrivateLiveInviteTask.cpp */ = {isa = PBXFileReference; fileEncoding = 4; lastKnownFileType = sourcecode.cpp.cpp; path = SendPrivateLiveInviteTask.cpp; sourceTree = "<group>"; };
		506BC2561F58FCE1001C2962 /* SendPrivateLiveInviteTask.h */ = {isa = PBXFileReference; fileEncoding = 4; lastKnownFileType = sourcecode.c.h; path = SendPrivateLiveInviteTask.h; sourceTree = "<group>"; };
		506BC2571F58FCE1001C2962 /* SendTalentTask.cpp */ = {isa = PBXFileReference; fileEncoding = 4; lastKnownFileType = sourcecode.cpp.cpp; path = SendTalentTask.cpp; sourceTree = "<group>"; };
		506BC2581F58FCE1001C2962 /* SendTalentTask.h */ = {isa = PBXFileReference; fileEncoding = 4; lastKnownFileType = sourcecode.c.h; path = SendTalentTask.h; sourceTree = "<group>"; };
		506BC2591F58FCE1001C2962 /* SendToastTask.cpp */ = {isa = PBXFileReference; fileEncoding = 4; lastKnownFileType = sourcecode.cpp.cpp; path = SendToastTask.cpp; sourceTree = "<group>"; };
		506BC25A1F58FCE1001C2962 /* SendToastTask.h */ = {isa = PBXFileReference; fileEncoding = 4; lastKnownFileType = sourcecode.c.h; path = SendToastTask.h; sourceTree = "<group>"; };
		506BC27A1F58FD91001C2962 /* BackpackInfoObject.h */ = {isa = PBXFileReference; fileEncoding = 4; lastKnownFileType = sourcecode.c.h; path = BackpackInfoObject.h; sourceTree = "<group>"; };
		506BC27B1F58FD91001C2962 /* BackpackInfoObject.m */ = {isa = PBXFileReference; fileEncoding = 4; lastKnownFileType = sourcecode.c.objc; path = BackpackInfoObject.m; sourceTree = "<group>"; };
		506BC27C1F58FD91001C2962 /* GiftInfoObject.h */ = {isa = PBXFileReference; fileEncoding = 4; lastKnownFileType = sourcecode.c.h; path = GiftInfoObject.h; sourceTree = "<group>"; };
		506BC27D1F58FD91001C2962 /* GiftInfoObject.m */ = {isa = PBXFileReference; fileEncoding = 4; lastKnownFileType = sourcecode.c.objc; path = GiftInfoObject.m; sourceTree = "<group>"; };
		506BC27E1F58FD91001C2962 /* RebateInfoObject.h */ = {isa = PBXFileReference; fileEncoding = 4; lastKnownFileType = sourcecode.c.h; path = RebateInfoObject.h; sourceTree = "<group>"; };
		506BC27F1F58FD91001C2962 /* RebateInfoObject.m */ = {isa = PBXFileReference; fileEncoding = 4; lastKnownFileType = sourcecode.c.objc; path = RebateInfoObject.m; sourceTree = "<group>"; };
		506BC2801F58FD91001C2962 /* RideInfoObject.h */ = {isa = PBXFileReference; fileEncoding = 4; lastKnownFileType = sourcecode.c.h; path = RideInfoObject.h; sourceTree = "<group>"; };
		506BC2811F58FD91001C2962 /* RideInfoObject.m */ = {isa = PBXFileReference; fileEncoding = 4; lastKnownFileType = sourcecode.c.objc; path = RideInfoObject.m; sourceTree = "<group>"; };
		506BC2821F58FD91001C2962 /* RoomTopFanItemObject.h */ = {isa = PBXFileReference; fileEncoding = 4; lastKnownFileType = sourcecode.c.h; path = RoomTopFanItemObject.h; sourceTree = "<group>"; };
		506BC2831F58FD91001C2962 /* RoomTopFanItemObject.m */ = {isa = PBXFileReference; fileEncoding = 4; lastKnownFileType = sourcecode.c.objc; path = RoomTopFanItemObject.m; sourceTree = "<group>"; };
		506BC2841F58FD91001C2962 /* VoucherInfoObject.h */ = {isa = PBXFileReference; fileEncoding = 4; lastKnownFileType = sourcecode.c.h; path = VoucherInfoObject.h; sourceTree = "<group>"; };
		506BC2851F58FD91001C2962 /* VoucherInfoObject.m */ = {isa = PBXFileReference; fileEncoding = 4; lastKnownFileType = sourcecode.c.objc; path = VoucherInfoObject.m; sourceTree = "<group>"; };
		50F383321EE68807003D2765 /* libImClient.a */ = {isa = PBXFileReference; explicitFileType = archive.ar; includeInIndex = 0; path = libImClient.a; sourceTree = BUILT_PRODUCTS_DIR; };
		50F3839A1EE68A2C003D2765 /* ImClientOC.h */ = {isa = PBXFileReference; fileEncoding = 4; lastKnownFileType = sourcecode.c.h; path = ImClientOC.h; sourceTree = "<group>"; };
		50F3839B1EE68A2C003D2765 /* ImClientOC.mm */ = {isa = PBXFileReference; fileEncoding = 4; lastKnownFileType = sourcecode.cpp.objcpp; path = ImClientOC.mm; sourceTree = "<group>"; };
		50F3839C1EE68A2C003D2765 /* IMLiveRoomManagerListener.h */ = {isa = PBXFileReference; fileEncoding = 4; lastKnownFileType = sourcecode.c.h; path = IMLiveRoomManagerListener.h; sourceTree = "<group>"; };
		FA1CEBD61F611B760010E671 /* ControlManPushTask.cpp */ = {isa = PBXFileReference; fileEncoding = 4; lastKnownFileType = sourcecode.cpp.cpp; path = ControlManPushTask.cpp; sourceTree = "<group>"; };
		FA1CEBD71F611B760010E671 /* ControlManPushTask.h */ = {isa = PBXFileReference; fileEncoding = 4; lastKnownFileType = sourcecode.c.h; path = ControlManPushTask.h; sourceTree = "<group>"; };
		FA48E48A1F60D46000D590E1 /* PrivateInviteItem.h */ = {isa = PBXFileReference; fileEncoding = 4; lastKnownFileType = sourcecode.c.h; name = PrivateInviteItem.h; path = item/PrivateInviteItem.h; sourceTree = "<group>"; };
		FA48E48B1F60DB3C00D590E1 /* ScheduleRoomItem.h */ = {isa = PBXFileReference; fileEncoding = 4; lastKnownFileType = sourcecode.c.h; name = ScheduleRoomItem.h; path = item/ScheduleRoomItem.h; sourceTree = "<group>"; };
		FA48E48C1F60E14F00D590E1 /* LoginReturnItem.h */ = {isa = PBXFileReference; fileEncoding = 4; lastKnownFileType = sourcecode.c.h; name = LoginReturnItem.h; path = item/LoginReturnItem.h; sourceTree = "<group>"; };
		FA48E48D1F60EAA000D590E1 /* ImScheduleRoomObject.h */ = {isa = PBXFileReference; fileEncoding = 4; lastKnownFileType = sourcecode.c.h; path = ImScheduleRoomObject.h; sourceTree = "<group>"; };
		FA48E48E1F60EAA000D590E1 /* ImScheduleRoomObject.m */ = {isa = PBXFileReference; fileEncoding = 4; lastKnownFileType = sourcecode.c.objc; path = ImScheduleRoomObject.m; sourceTree = "<group>"; };
		FA48E4901F60EC2300D590E1 /* ImInviteIdItemObject.h */ = {isa = PBXFileReference; fileEncoding = 4; lastKnownFileType = sourcecode.c.h; path = ImInviteIdItemObject.h; sourceTree = "<group>"; };
		FA48E4911F60EC2300D590E1 /* ImInviteIdItemObject.m */ = {isa = PBXFileReference; fileEncoding = 4; lastKnownFileType = sourcecode.c.objc; path = ImInviteIdItemObject.m; sourceTree = "<group>"; };
		FA48E4991F60F10300D590E1 /* ImLoginReturnObject.h */ = {isa = PBXFileReference; fileEncoding = 4; lastKnownFileType = sourcecode.c.h; path = ImLoginReturnObject.h; sourceTree = "<group>"; };
		FA48E49A1F60F10300D590E1 /* ImLoginReturnObject.m */ = {isa = PBXFileReference; fileEncoding = 4; lastKnownFileType = sourcecode.c.objc; path = ImLoginReturnObject.m; sourceTree = "<group>"; };
		FA84AF381F5F8B1000D91411 /* ImLiveRoomObject.h */ = {isa = PBXFileReference; fileEncoding = 4; lastKnownFileType = sourcecode.c.h; path = ImLiveRoomObject.h; sourceTree = "<group>"; };
		FA84AF391F5F8B1000D91411 /* ImLiveRoomObject.m */ = {isa = PBXFileReference; fileEncoding = 4; lastKnownFileType = sourcecode.c.objc; path = ImLiveRoomObject.m; sourceTree = "<group>"; };
		FA84AF3B1F5F9B9800D91411 /* RecvSendSystemNoticeTask.cpp */ = {isa = PBXFileReference; fileEncoding = 4; lastKnownFileType = sourcecode.cpp.cpp; path = RecvSendSystemNoticeTask.cpp; sourceTree = "<group>"; };
		FA84AF3C1F5F9B9800D91411 /* RecvSendSystemNoticeTask.h */ = {isa = PBXFileReference; fileEncoding = 4; lastKnownFileType = sourcecode.c.h; path = RecvSendSystemNoticeTask.h; sourceTree = "<group>"; };
		FAB694131F5EA11C008A64B6 /* PublicRoomInTask.cpp */ = {isa = PBXFileReference; fileEncoding = 4; lastKnownFileType = sourcecode.cpp.cpp; path = PublicRoomInTask.cpp; sourceTree = "<group>"; };
		FAB694141F5EA11C008A64B6 /* PublicRoomInTask.h */ = {isa = PBXFileReference; fileEncoding = 4; lastKnownFileType = sourcecode.c.h; path = PublicRoomInTask.h; sourceTree = "<group>"; };
		FAB694171F5EA2DF008A64B6 /* RoomInfoItem.h */ = {isa = PBXFileReference; fileEncoding = 4; lastKnownFileType = sourcecode.c.h; name = RoomInfoItem.h; path = item/RoomInfoItem.h; sourceTree = "<group>"; };
		FAB694181F5EA338008A64B6 /* RebateInfoItem.h */ = {isa = PBXFileReference; fileEncoding = 4; lastKnownFileType = sourcecode.c.h; name = RebateInfoItem.h; path = item/RebateInfoItem.h; sourceTree = "<group>"; };
/* End PBXFileReference section */

/* Begin PBXFrameworksBuildPhase section */
		50F3832F1EE68807003D2765 /* Frameworks */ = {
			isa = PBXFrameworksBuildPhase;
			buildActionMask = 2147483647;
			files = (
			);
			runOnlyForDeploymentPostprocessing = 0;
		};
/* End PBXFrameworksBuildPhase section */

/* Begin PBXGroup section */
		500B45061EE7D19500C89375 /* ImClient */ = {
			isa = PBXGroup;
			children = (
				FA1CEBD61F611B760010E671 /* ControlManPushTask.cpp */,
				FA1CEBD71F611B760010E671 /* ControlManPushTask.h */,
				FA84AF3B1F5F9B9800D91411 /* RecvSendSystemNoticeTask.cpp */,
				FA84AF3C1F5F9B9800D91411 /* RecvSendSystemNoticeTask.h */,
				FAB694161F5EA2D3008A64B6 /* item */,
				FAB694131F5EA11C008A64B6 /* PublicRoomInTask.cpp */,
				FAB694141F5EA11C008A64B6 /* PublicRoomInTask.h */,
				500B45071EE7D19500C89375 /* AmfPublicParse.h */,
				500B45091EE7D19500C89375 /* CommonParsing.cpp */,
				500B450A1EE7D19500C89375 /* CommonParsing.h */,
				500B450B1EE7D19500C89375 /* Counter.cpp */,
				500B450C1EE7D19500C89375 /* Counter.h */,
				500B45131EE7D19500C89375 /* HearbeatTask.cpp */,
				500B45141EE7D19500C89375 /* HearbeatTask.h */,
				500B45151EE7D19500C89375 /* IImClient.cpp */,
				500B45161EE7D19500C89375 /* IImClient.h */,
				500B45171EE7D19500C89375 /* IImClientDef.h */,
				500B45181EE7D19500C89375 /* ImClient.cpp */,
				500B45191EE7D19500C89375 /* ImClient.h */,
				500B451A1EE7D19500C89375 /* ITask.cpp */,
				500B451B1EE7D19500C89375 /* ITask.h */,
				500B451C1EE7D19500C89375 /* ITaskManager.h */,
				500B451D1EE7D19500C89375 /* IThreadHandler.cpp */,
				500B451E1EE7D19500C89375 /* IThreadHandler.h */,
				500B451F1EE7D19500C89375 /* ITransportClient.cpp */,
				500B45201EE7D19500C89375 /* ITransportClient.h */,
				500B45211EE7D19500C89375 /* ITransportDataHandler.cpp */,
				500B45221EE7D19500C89375 /* ITransportDataHandler.h */,
				500B45231EE7D19500C89375 /* ITransportPacketHandler.cpp */,
				500B45241EE7D19500C89375 /* ITransportPacketHandler.h */,
				505591771EF3E4AB000AF03A /* KickOffTask.cpp */,
				505591781EF3E4AB000AF03A /* KickOffTask.h */,
				500B45251EE7D19500C89375 /* LoginTask.cpp */,
				500B45261EE7D19500C89375 /* LoginTask.h */,
				506BC21F1F58FCE1001C2962 /* RecvBackpackUpdateNoticeTask.cpp */,
				506BC2201F58FCE1001C2962 /* RecvBackpackUpdateNoticeTask.h */,
				506BC2211F58FCE1001C2962 /* RecvBookingNoticeTask.cpp */,
				506BC2221F58FCE1001C2962 /* RecvBookingNoticeTask.h */,
				506BC2231F58FCE1001C2962 /* RecvChangeVideoUrlTask.cpp */,
				506BC2241F58FCE1001C2962 /* RecvChangeVideoUrlTask.h */,
				506BC2251F58FCE1001C2962 /* RecvCreditNoticeTask.cpp */,
				506BC2261F58FCE1001C2962 /* RecvCreditNoticeTask.h */,
				506BC2271F58FCE1001C2962 /* RecvEnterRoomNoticeTask.cpp */,
				506BC2281F58FCE1001C2962 /* RecvEnterRoomNoticeTask.h */,
				506BC2291F58FCE1001C2962 /* RecvInstantInviteReplyNoticeTask.cpp */,
				506BC22A1F58FCE1001C2962 /* RecvInstantInviteReplyNoticeTask.h */,
				506BC22B1F58FCE1001C2962 /* RecvInstantInviteUserNoticeTask.cpp */,
				506BC22C1F58FCE1001C2962 /* RecvInstantInviteUserNoticeTask.h */,
				506BC22D1F58FCE1001C2962 /* RecvLackOfCreditNoticeTask.cpp */,
				506BC22E1F58FCE1001C2962 /* RecvLackOfCreditNoticeTask.h */,
				506BC22F1F58FCE1001C2962 /* RecvLeaveRoomNoticeTask.cpp */,
				506BC2301F58FCE1001C2962 /* RecvLeaveRoomNoticeTask.h */,
				506BC2311F58FCE1001C2962 /* RecvLeavingPublicRoomNoticeTask.cpp */,
				506BC2321F58FCE1001C2962 /* RecvLeavingPublicRoomNoticeTask.h */,
				506BC2331F58FCE1001C2962 /* RecvLevelUpNoticeTask.cpp */,
				506BC2341F58FCE1001C2962 /* RecvLevelUpNoticeTask.h */,
				506BC2351F58FCE1001C2962 /* RecvLoveLevelUpNoticeTask.cpp */,
				506BC2361F58FCE1001C2962 /* RecvLoveLevelUpNoticeTask.h */,
				506BC2371F58FCE1001C2962 /* RecvRebateInfoNoticeTask.cpp */,
				506BC2381F58FCE1001C2962 /* RecvRebateInfoNoticeTask.h */,
				506BC2391F58FCE1001C2962 /* RecvRoomCloseNoticeTask.cpp */,
				506BC23A1F58FCE1001C2962 /* RecvRoomCloseNoticeTask.h */,
				506BC23B1F58FCE1001C2962 /* RecvRoomKickoffNoticeTask.cpp */,
				506BC23C1F58FCE1001C2962 /* RecvRoomKickoffNoticeTask.h */,
				506BC23D1F58FCE1001C2962 /* RecvScheduledInviteUserNoticeTask.cpp */,
				506BC23E1F58FCE1001C2962 /* RecvScheduledInviteUserNoticeTask.h */,
				506BC23F1F58FCE1001C2962 /* RecvSendBookingReplyNoticeTask.cpp */,
				506BC2401F58FCE1001C2962 /* RecvSendBookingReplyNoticeTask.h */,
				506BC2411F58FCE1001C2962 /* RecvSendChatNoticeTask.cpp */,
				506BC2421F58FCE1001C2962 /* RecvSendChatNoticeTask.h */,
				506BC2431F58FCE1001C2962 /* RecvSendGiftNoticeTask.cpp */,
				506BC2441F58FCE1001C2962 /* RecvSendGiftNoticeTask.h */,
				506BC2451F58FCE1001C2962 /* RecvSendTalentNoticeTask.cpp */,
				506BC2461F58FCE1001C2962 /* RecvSendTalentNoticeTask.h */,
				506BC2471F58FCE1001C2962 /* RecvSendToastNoticeTask.cpp */,
				506BC2481F58FCE1001C2962 /* RecvSendToastNoticeTask.h */,
				506BC2491F58FCE1001C2962 /* RecvWaitStartOverNoticeTask.cpp */,
				506BC24A1F58FCE1001C2962 /* RecvWaitStartOverNoticeTask.h */,
				506BC24B1F58FCE1001C2962 /* RoomInTask.cpp */,
				506BC24C1F58FCE1001C2962 /* RoomInTask.h */,
				506BC24D1F58FCE1001C2962 /* RoomOutTask.cpp */,
				506BC24E1F58FCE1001C2962 /* RoomOutTask.h */,
				506BC24F1F58FCE1001C2962 /* SendCancelPrivateLiveInviteTask.cpp */,
				506BC2501F58FCE1001C2962 /* SendCancelPrivateLiveInviteTask.h */,
				506BC2511F58FCE1001C2962 /* SendGiftTask.cpp */,
				506BC2521F58FCE1001C2962 /* SendGiftTask.h */,
				506BC2531F58FCE1001C2962 /* SendLiveChatTask.cpp */,
				506BC2541F58FCE1001C2962 /* SendLiveChatTask.h */,
				506BC2551F58FCE1001C2962 /* SendPrivateLiveInviteTask.cpp */,
				506BC2561F58FCE1001C2962 /* SendPrivateLiveInviteTask.h */,
				506BC2571F58FCE1001C2962 /* SendTalentTask.cpp */,
				506BC2581F58FCE1001C2962 /* SendTalentTask.h */,
				506BC2591F58FCE1001C2962 /* SendToastTask.cpp */,
				506BC25A1F58FCE1001C2962 /* SendToastTask.h */,
				500B45311EE7D19500C89375 /* TaskDef.h */,
				500B45321EE7D19500C89375 /* TaskManager.cpp */,
				500B45331EE7D19500C89375 /* TaskManager.h */,
				500B45341EE7D19500C89375 /* TaskMapManager.cpp */,
				500B45351EE7D19500C89375 /* TaskMapManager.h */,
				500B45361EE7D19500C89375 /* TransportClient.cpp */,
				500B45371EE7D19500C89375 /* TransportClient.h */,
				500B45381EE7D19500C89375 /* TransportDataHandler.cpp */,
				500B45391EE7D19500C89375 /* TransportDataHandler.h */,
				500B453A1EE7D19500C89375 /* TransportPacketHandler.cpp */,
				500B453B1EE7D19500C89375 /* TransportPacketHandler.h */,
			);
			name = ImClient;
			path = ../../../../common/ImClient;
			sourceTree = "<group>";
		};
		506BC2791F58FD91001C2962 /* Model */ = {
			isa = PBXGroup;
			children = (
				FA48E4991F60F10300D590E1 /* ImLoginReturnObject.h */,
				FA48E49A1F60F10300D590E1 /* ImLoginReturnObject.m */,
				FA48E4901F60EC2300D590E1 /* ImInviteIdItemObject.h */,
				FA48E4911F60EC2300D590E1 /* ImInviteIdItemObject.m */,
				FA48E48D1F60EAA000D590E1 /* ImScheduleRoomObject.h */,
				FA48E48E1F60EAA000D590E1 /* ImScheduleRoomObject.m */,
				FA84AF381F5F8B1000D91411 /* ImLiveRoomObject.h */,
				FA84AF391F5F8B1000D91411 /* ImLiveRoomObject.m */,
				506BC27A1F58FD91001C2962 /* BackpackInfoObject.h */,
				506BC27B1F58FD91001C2962 /* BackpackInfoObject.m */,
				506BC27C1F58FD91001C2962 /* GiftInfoObject.h */,
				506BC27D1F58FD91001C2962 /* GiftInfoObject.m */,
				506BC27E1F58FD91001C2962 /* RebateInfoObject.h */,
				506BC27F1F58FD91001C2962 /* RebateInfoObject.m */,
				506BC2801F58FD91001C2962 /* RideInfoObject.h */,
				506BC2811F58FD91001C2962 /* RideInfoObject.m */,
				506BC2821F58FD91001C2962 /* RoomTopFanItemObject.h */,
				506BC2831F58FD91001C2962 /* RoomTopFanItemObject.m */,
				506BC2841F58FD91001C2962 /* VoucherInfoObject.h */,
				506BC2851F58FD91001C2962 /* VoucherInfoObject.m */,
			);
			path = Model;
			sourceTree = "<group>";
		};
		50F383291EE68807003D2765 = {
			isa = PBXGroup;
			children = (
				50F383341EE68807003D2765 /* ImClient */,
				50F383331EE68807003D2765 /* Products */,
			);
			sourceTree = "<group>";
		};
		50F383331EE68807003D2765 /* Products */ = {
			isa = PBXGroup;
			children = (
				50F383321EE68807003D2765 /* libImClient.a */,
			);
			name = Products;
			sourceTree = "<group>";
		};
		50F383341EE68807003D2765 /* ImClient */ = {
			isa = PBXGroup;
			children = (
				506BC2791F58FD91001C2962 /* Model */,
				500B45061EE7D19500C89375 /* ImClient */,
				50F3839A1EE68A2C003D2765 /* ImClientOC.h */,
				50F3839B1EE68A2C003D2765 /* ImClientOC.mm */,
				50F3839C1EE68A2C003D2765 /* IMLiveRoomManagerListener.h */,
				5034E21B1F5FE0D900334B76 /* ImHeader.h */,
			);
			path = ImClient;
			sourceTree = "<group>";
		};
		FAB694161F5EA2D3008A64B6 /* item */ = {
			isa = PBXGroup;
			children = (
				FA48E48C1F60E14F00D590E1 /* LoginReturnItem.h */,
				FA48E48B1F60DB3C00D590E1 /* ScheduleRoomItem.h */,
				FA48E48A1F60D46000D590E1 /* PrivateInviteItem.h */,
				FAB694181F5EA338008A64B6 /* RebateInfoItem.h */,
				FAB694171F5EA2DF008A64B6 /* RoomInfoItem.h */,
			);
			name = item;
			sourceTree = "<group>";
		};
/* End PBXGroup section */

/* Begin PBXNativeTarget section */
		50F383311EE68807003D2765 /* ImClient */ = {
			isa = PBXNativeTarget;
			buildConfigurationList = 50F3833B1EE68807003D2765 /* Build configuration list for PBXNativeTarget "ImClient" */;
			buildPhases = (
				50F3832E1EE68807003D2765 /* Sources */,
				50F3832F1EE68807003D2765 /* Frameworks */,
				50F383301EE68807003D2765 /* CopyFiles */,
			);
			buildRules = (
			);
			dependencies = (
			);
			name = ImClient;
			productName = ImClient;
			productReference = 50F383321EE68807003D2765 /* libImClient.a */;
			productType = "com.apple.product-type.library.static";
		};
/* End PBXNativeTarget section */

/* Begin PBXProject section */
		50F3832A1EE68807003D2765 /* Project object */ = {
			isa = PBXProject;
			attributes = {
				LastUpgradeCheck = 0830;
				ORGANIZATIONNAME = net.qdating;
				TargetAttributes = {
					50F383311EE68807003D2765 = {
						CreatedOnToolsVersion = 8.3.2;
						DevelopmentTeam = MK37J4UMHH;
						ProvisioningStyle = Automatic;
					};
				};
			};
			buildConfigurationList = 50F3832D1EE68807003D2765 /* Build configuration list for PBXProject "ImClient" */;
			compatibilityVersion = "Xcode 3.2";
			developmentRegion = English;
			hasScannedForEncodings = 0;
			knownRegions = (
				en,
			);
			mainGroup = 50F383291EE68807003D2765;
			productRefGroup = 50F383331EE68807003D2765 /* Products */;
			projectDirPath = "";
			projectRoot = "";
			targets = (
				50F383311EE68807003D2765 /* ImClient */,
			);
		};
/* End PBXProject section */

/* Begin PBXSourcesBuildPhase section */
		50F3832E1EE68807003D2765 /* Sources */ = {
			isa = PBXSourcesBuildPhase;
			buildActionMask = 2147483647;
			files = (
				5055918B1EF3E4AB000AF03A /* KickOffTask.cpp in Sources */,
				500B45511EE7D19500C89375 /* TransportClient.cpp in Sources */,
				506BC2881F58FD91001C2962 /* RebateInfoObject.m in Sources */,
				506BC26E1F58FCE1001C2962 /* RecvSendTalentNoticeTask.cpp in Sources */,
				500B45431EE7D19500C89375 /* ImClient.cpp in Sources */,
				500B45411EE7D19500C89375 /* HearbeatTask.cpp in Sources */,
				506BC2651F58FCE1001C2962 /* RecvLevelUpNoticeTask.cpp in Sources */,
				500B45521EE7D19500C89375 /* TransportDataHandler.cpp in Sources */,
				500B45481EE7D19500C89375 /* ITransportPacketHandler.cpp in Sources */,
				FAB694151F5EA11C008A64B6 /* PublicRoomInTask.cpp in Sources */,
				506BC2871F58FD91001C2962 /* GiftInfoObject.m in Sources */,
				506BC25B1F58FCE1001C2962 /* RecvBackpackUpdateNoticeTask.cpp in Sources */,
				506BC2631F58FCE1001C2962 /* RecvLeaveRoomNoticeTask.cpp in Sources */,
				500B45441EE7D19500C89375 /* ITask.cpp in Sources */,
				506BC2741F58FCE1001C2962 /* SendGiftTask.cpp in Sources */,
				506BC2661F58FCE1001C2962 /* RecvLoveLevelUpNoticeTask.cpp in Sources */,
				506BC26A1F58FCE1001C2962 /* RecvScheduledInviteUserNoticeTask.cpp in Sources */,
				506BC2731F58FCE1001C2962 /* SendCancelPrivateLiveInviteTask.cpp in Sources */,
				506BC26C1F58FCE1001C2962 /* RecvSendChatNoticeTask.cpp in Sources */,
				506BC26F1F58FCE1001C2962 /* RecvSendToastNoticeTask.cpp in Sources */,
				FA48E4921F60EC2300D590E1 /* ImInviteIdItemObject.m in Sources */,
				500B45471EE7D19500C89375 /* ITransportDataHandler.cpp in Sources */,
				506BC2711F58FCE1001C2962 /* RoomInTask.cpp in Sources */,
				500B453D1EE7D19500C89375 /* Counter.cpp in Sources */,
				506BC2891F58FD91001C2962 /* RideInfoObject.m in Sources */,
				506BC25D1F58FCE1001C2962 /* RecvChangeVideoUrlTask.cpp in Sources */,
				506BC28A1F58FD91001C2962 /* RoomTopFanItemObject.m in Sources */,
				506BC2761F58FCE1001C2962 /* SendPrivateLiveInviteTask.cpp in Sources */,
				500B45421EE7D19500C89375 /* IImClient.cpp in Sources */,
				506BC2611F58FCE1001C2962 /* RecvInstantInviteUserNoticeTask.cpp in Sources */,
				506BC25F1F58FCE1001C2962 /* RecvEnterRoomNoticeTask.cpp in Sources */,
				FA48E48F1F60EAA000D590E1 /* ImScheduleRoomObject.m in Sources */,
				506BC2721F58FCE1001C2962 /* RoomOutTask.cpp in Sources */,
				506BC2681F58FCE1001C2962 /* RecvRoomCloseNoticeTask.cpp in Sources */,
				506BC2671F58FCE1001C2962 /* RecvRebateInfoNoticeTask.cpp in Sources */,
				506BC2621F58FCE1001C2962 /* RecvLackOfCreditNoticeTask.cpp in Sources */,
				506BC28B1F58FD91001C2962 /* VoucherInfoObject.m in Sources */,
				506BC2861F58FD91001C2962 /* BackpackInfoObject.m in Sources */,
				500B45451EE7D19500C89375 /* IThreadHandler.cpp in Sources */,
				506BC2641F58FCE1001C2962 /* RecvLeavingPublicRoomNoticeTask.cpp in Sources */,
				506BC25C1F58FCE1001C2962 /* RecvBookingNoticeTask.cpp in Sources */,
				FA84AF3A1F5F8B1000D91411 /* ImLiveRoomObject.m in Sources */,
				500B454F1EE7D19500C89375 /* TaskManager.cpp in Sources */,
				FA1CEBD81F611B760010E671 /* ControlManPushTask.cpp in Sources */,
				500B45491EE7D19500C89375 /* LoginTask.cpp in Sources */,
				500B453C1EE7D19500C89375 /* CommonParsing.cpp in Sources */,
				506BC26D1F58FCE1001C2962 /* RecvSendGiftNoticeTask.cpp in Sources */,
				500B45531EE7D19500C89375 /* TransportPacketHandler.cpp in Sources */,
				500B45461EE7D19500C89375 /* ITransportClient.cpp in Sources */,
				506BC2781F58FCE1001C2962 /* SendToastTask.cpp in Sources */,
				506BC2601F58FCE1001C2962 /* RecvInstantInviteReplyNoticeTask.cpp in Sources */,
				FA48E49B1F60F10300D590E1 /* ImLoginReturnObject.m in Sources */,
				506BC2771F58FCE1001C2962 /* SendTalentTask.cpp in Sources */,
				506BC26B1F58FCE1001C2962 /* RecvSendBookingReplyNoticeTask.cpp in Sources */,
				506BC2751F58FCE1001C2962 /* SendLiveChatTask.cpp in Sources */,
				FA84AF3D1F5F9B9800D91411 /* RecvSendSystemNoticeTask.cpp in Sources */,
				506BC2701F58FCE1001C2962 /* RecvWaitStartOverNoticeTask.cpp in Sources */,
				50F3839F1EE68A2C003D2765 /* ImClientOC.mm in Sources */,
				506BC2691F58FCE1001C2962 /* RecvRoomKickoffNoticeTask.cpp in Sources */,
				506BC25E1F58FCE1001C2962 /* RecvCreditNoticeTask.cpp in Sources */,
				500B45501EE7D19500C89375 /* TaskMapManager.cpp in Sources */,
			);
			runOnlyForDeploymentPostprocessing = 0;
		};
/* End PBXSourcesBuildPhase section */

/* Begin XCBuildConfiguration section */
		50F383391EE68807003D2765 /* Debug */ = {
			isa = XCBuildConfiguration;
			buildSettings = {
				ALWAYS_SEARCH_USER_PATHS = NO;
				CLANG_ANALYZER_NONNULL = YES;
				CLANG_ANALYZER_NUMBER_OBJECT_CONVERSION = YES_AGGRESSIVE;
				CLANG_CXX_LANGUAGE_STANDARD = "gnu++0x";
				CLANG_CXX_LIBRARY = "libc++";
				CLANG_ENABLE_MODULES = YES;
				CLANG_ENABLE_OBJC_ARC = YES;
				CLANG_WARN_BOOL_CONVERSION = YES;
				CLANG_WARN_CONSTANT_CONVERSION = YES;
				CLANG_WARN_DIRECT_OBJC_ISA_USAGE = YES_ERROR;
				CLANG_WARN_DOCUMENTATION_COMMENTS = YES;
				CLANG_WARN_EMPTY_BODY = YES;
				CLANG_WARN_ENUM_CONVERSION = YES;
				CLANG_WARN_INFINITE_RECURSION = YES;
				CLANG_WARN_INT_CONVERSION = YES;
				CLANG_WARN_OBJC_ROOT_CLASS = YES_ERROR;
				CLANG_WARN_SUSPICIOUS_MOVE = YES;
				CLANG_WARN_UNREACHABLE_CODE = YES;
				CLANG_WARN__DUPLICATE_METHOD_MATCH = YES;
				"CODE_SIGN_IDENTITY[sdk=iphoneos*]" = "iPhone Developer";
				COPY_PHASE_STRIP = NO;
				DEBUG_INFORMATION_FORMAT = dwarf;
				ENABLE_STRICT_OBJC_MSGSEND = YES;
				ENABLE_TESTABILITY = YES;
				GCC_C_LANGUAGE_STANDARD = gnu99;
				GCC_DYNAMIC_NO_PIC = NO;
				GCC_NO_COMMON_BLOCKS = YES;
				GCC_OPTIMIZATION_LEVEL = 0;
				GCC_PREPROCESSOR_DEFINITIONS = (
					"DEBUG=1",
					"$(inherited)",
				);
				GCC_WARN_64_TO_32_BIT_CONVERSION = YES;
				GCC_WARN_ABOUT_RETURN_TYPE = YES_ERROR;
				GCC_WARN_UNDECLARED_SELECTOR = YES;
				GCC_WARN_UNINITIALIZED_AUTOS = YES_AGGRESSIVE;
				GCC_WARN_UNUSED_FUNCTION = YES;
				GCC_WARN_UNUSED_VARIABLE = YES;
				IPHONEOS_DEPLOYMENT_TARGET = 8.0;
				MTL_ENABLE_DEBUG_INFO = YES;
				ONLY_ACTIVE_ARCH = YES;
				SDKROOT = iphoneos;
			};
			name = Debug;
		};
		50F3833A1EE68807003D2765 /* Release */ = {
			isa = XCBuildConfiguration;
			buildSettings = {
				ALWAYS_SEARCH_USER_PATHS = NO;
				CLANG_ANALYZER_NONNULL = YES;
				CLANG_ANALYZER_NUMBER_OBJECT_CONVERSION = YES_AGGRESSIVE;
				CLANG_CXX_LANGUAGE_STANDARD = "gnu++0x";
				CLANG_CXX_LIBRARY = "libc++";
				CLANG_ENABLE_MODULES = YES;
				CLANG_ENABLE_OBJC_ARC = YES;
				CLANG_WARN_BOOL_CONVERSION = YES;
				CLANG_WARN_CONSTANT_CONVERSION = YES;
				CLANG_WARN_DIRECT_OBJC_ISA_USAGE = YES_ERROR;
				CLANG_WARN_DOCUMENTATION_COMMENTS = YES;
				CLANG_WARN_EMPTY_BODY = YES;
				CLANG_WARN_ENUM_CONVERSION = YES;
				CLANG_WARN_INFINITE_RECURSION = YES;
				CLANG_WARN_INT_CONVERSION = YES;
				CLANG_WARN_OBJC_ROOT_CLASS = YES_ERROR;
				CLANG_WARN_SUSPICIOUS_MOVE = YES;
				CLANG_WARN_UNREACHABLE_CODE = YES;
				CLANG_WARN__DUPLICATE_METHOD_MATCH = YES;
				"CODE_SIGN_IDENTITY[sdk=iphoneos*]" = "iPhone Developer";
				COPY_PHASE_STRIP = NO;
				DEBUG_INFORMATION_FORMAT = "dwarf-with-dsym";
				ENABLE_NS_ASSERTIONS = NO;
				ENABLE_STRICT_OBJC_MSGSEND = YES;
				GCC_C_LANGUAGE_STANDARD = gnu99;
				GCC_NO_COMMON_BLOCKS = YES;
				GCC_WARN_64_TO_32_BIT_CONVERSION = YES;
				GCC_WARN_ABOUT_RETURN_TYPE = YES_ERROR;
				GCC_WARN_UNDECLARED_SELECTOR = YES;
				GCC_WARN_UNINITIALIZED_AUTOS = YES_AGGRESSIVE;
				GCC_WARN_UNUSED_FUNCTION = YES;
				GCC_WARN_UNUSED_VARIABLE = YES;
				IPHONEOS_DEPLOYMENT_TARGET = 8.0;
				MTL_ENABLE_DEBUG_INFO = NO;
				SDKROOT = iphoneos;
				VALIDATE_PRODUCT = YES;
			};
			name = Release;
		};
		50F3833C1EE68807003D2765 /* Debug */ = {
			isa = XCBuildConfiguration;
			buildSettings = {
				COMMON_C_SRC_ROOT = "${SRCROOT}/../../../common-c-library";
				COMMON_C_SRC_THIRD_PARTY_ROOT = "${COMMON_C_SRC_ROOT}/third_party";
				DEVELOPMENT_TEAM = MK37J4UMHH;
				HEADER_SEARCH_PATHS = (
					"${COMMON_C_SRC_ROOT}",
					"${COMMON_C_SRC_THIRD_PARTY_ROOT}",
				);
				OTHER_CFLAGS = "-DIOS";
				OTHER_LDFLAGS = "-ObjC";
				PRODUCT_NAME = "$(TARGET_NAME)";
				SKIP_INSTALL = YES;
				WARNING_CFLAGS = (
					"-Wno-documentation",
					"-Wno-unused-variable",
				);
			};
			name = Debug;
		};
		50F3833D1EE68807003D2765 /* Release */ = {
			isa = XCBuildConfiguration;
			buildSettings = {
				COMMON_C_SRC_ROOT = "${SRCROOT}/../../../common-c-library";
				COMMON_C_SRC_THIRD_PARTY_ROOT = "${COMMON_C_SRC_ROOT}/third_party";
				DEVELOPMENT_TEAM = MK37J4UMHH;
				HEADER_SEARCH_PATHS = (
					"${COMMON_C_SRC_ROOT}",
					"${COMMON_C_SRC_THIRD_PARTY_ROOT}",
				);
				OTHER_CFLAGS = "-DIOS";
				OTHER_LDFLAGS = "-ObjC";
				PRODUCT_NAME = "$(TARGET_NAME)";
				SKIP_INSTALL = YES;
				WARNING_CFLAGS = (
					"-Wno-documentation",
					"-Wno-unused-variable",
				);
			};
			name = Release;
		};
/* End XCBuildConfiguration section */

/* Begin XCConfigurationList section */
		50F3832D1EE68807003D2765 /* Build configuration list for PBXProject "ImClient" */ = {
			isa = XCConfigurationList;
			buildConfigurations = (
				50F383391EE68807003D2765 /* Debug */,
				50F3833A1EE68807003D2765 /* Release */,
			);
			defaultConfigurationIsVisible = 0;
			defaultConfigurationName = Release;
		};
		50F3833B1EE68807003D2765 /* Build configuration list for PBXNativeTarget "ImClient" */ = {
			isa = XCConfigurationList;
			buildConfigurations = (
				50F3833C1EE68807003D2765 /* Debug */,
				50F3833D1EE68807003D2765 /* Release */,
			);
			defaultConfigurationIsVisible = 0;
			defaultConfigurationName = Release;
		};
/* End XCConfigurationList section */
	};
	rootObject = 50F3832A1EE68807003D2765 /* Project object */;
}
