// !$*UTF8*$!
{
	archiveVersion = 1;
	classes = {
	};
	objectVersion = 46;
	objects = {

/* Begin PBXBuildFile section */
		500337121EA0AE410078D32D /* RtmpClient.m in Sources */ = {isa = PBXBuildFile; fileRef = 500337111EA0AE410078D32D /* RtmpClient.m */; };
		500337191EA0C9BD0078D32D /* RtmpPlayer.cpp in Sources */ = {isa = PBXBuildFile; fileRef = 500337171EA0C9BD0078D32D /* RtmpPlayer.cpp */; };
		5005200C1E949B8500C45E22 /* RtmpDump.cpp in Sources */ = {isa = PBXBuildFile; fileRef = 5005200A1E949B8500C45E22 /* RtmpDump.cpp */; };
		500520221E94C85400C45E22 /* srs_librtmp.cpp in Sources */ = {isa = PBXBuildFile; fileRef = 500520201E94C85400C45E22 /* srs_librtmp.cpp */; };
		500520C31EFCA10500256E58 /* Statistics.cpp in Sources */ = {isa = PBXBuildFile; fileRef = 500520C11EFCA10500256E58 /* Statistics.cpp */; };
		5013CE2F1F14661A00C054C7 /* VideoHardEncoder.cpp in Sources */ = {isa = PBXBuildFile; fileRef = 5013CE2D1F14661A00C054C7 /* VideoHardEncoder.cpp */; };
		5013CE321F14841C00C054C7 /* AudioHardEncoder.cpp in Sources */ = {isa = PBXBuildFile; fileRef = 5013CE301F14841C00C054C7 /* AudioHardEncoder.cpp */; };
		501C6F3D1EF7B54B00DB56AD /* VideoHardRendererImp.cpp in Sources */ = {isa = PBXBuildFile; fileRef = 501C6F3B1EF7B54B00DB56AD /* VideoHardRendererImp.cpp */; };
		5027D5551EF8C2D200EE3B0E /* AudioHardDecoder.cpp in Sources */ = {isa = PBXBuildFile; fileRef = 5027D5531EF8C2D200EE3B0E /* AudioHardDecoder.cpp */; };
		504FAFD71F4D164500E08A6D /* AudioDecoderAAC.cpp in Sources */ = {isa = PBXBuildFile; fileRef = 504FAFB51F4D164500E08A6D /* AudioDecoderAAC.cpp */; };
		504FAFD81F4D164500E08A6D /* AudioEncoderAAC.cpp in Sources */ = {isa = PBXBuildFile; fileRef = 504FAFB71F4D164500E08A6D /* AudioEncoderAAC.cpp */; };
		504FAFD91F4D164500E08A6D /* AudioFrame.cpp in Sources */ = {isa = PBXBuildFile; fileRef = 504FAFB91F4D164500E08A6D /* AudioFrame.cpp */; };
		504FAFDA1F4D164500E08A6D /* AudioMuxer.cpp in Sources */ = {isa = PBXBuildFile; fileRef = 504FAFBB1F4D164500E08A6D /* AudioMuxer.cpp */; };
		504FAFDB1F4D164500E08A6D /* AudioRecorderAAC.cpp in Sources */ = {isa = PBXBuildFile; fileRef = 504FAFBD1F4D164500E08A6D /* AudioRecorderAAC.cpp */; };
		504FAFDC1F4D164500E08A6D /* CacheBufferQueue.cpp in Sources */ = {isa = PBXBuildFile; fileRef = 504FAFC01F4D164500E08A6D /* CacheBufferQueue.cpp */; };
		504FAFDD1F4D164500E08A6D /* EncodeDecodeBuffer.cpp in Sources */ = {isa = PBXBuildFile; fileRef = 504FAFC21F4D164500E08A6D /* EncodeDecodeBuffer.cpp */; };
		504FAFDE1F4D164500E08A6D /* FrameBuffer.cpp in Sources */ = {isa = PBXBuildFile; fileRef = 504FAFC41F4D164500E08A6D /* FrameBuffer.cpp */; };
		504FAFDF1F4D164500E08A6D /* VideoDecoderH264.cpp in Sources */ = {isa = PBXBuildFile; fileRef = 504FAFC71F4D164500E08A6D /* VideoDecoderH264.cpp */; };
		504FAFE01F4D164500E08A6D /* VideoEncoderH264.cpp in Sources */ = {isa = PBXBuildFile; fileRef = 504FAFC91F4D164500E08A6D /* VideoEncoderH264.cpp */; };
		504FAFE11F4D164500E08A6D /* VideoFilters.cpp in Sources */ = {isa = PBXBuildFile; fileRef = 504FAFCB1F4D164500E08A6D /* VideoFilters.cpp */; };
		504FAFE21F4D164500E08A6D /* VideoFormatConverter.cpp in Sources */ = {isa = PBXBuildFile; fileRef = 504FAFCD1F4D164500E08A6D /* VideoFormatConverter.cpp */; };
		504FAFE31F4D164500E08A6D /* VideoFrame.cpp in Sources */ = {isa = PBXBuildFile; fileRef = 504FAFCF1F4D164500E08A6D /* VideoFrame.cpp */; };
		504FAFE41F4D164500E08A6D /* VideoMuxer.cpp in Sources */ = {isa = PBXBuildFile; fileRef = 504FAFD11F4D164500E08A6D /* VideoMuxer.cpp */; };
		504FAFE51F4D164500E08A6D /* VideoRecorderH264.cpp in Sources */ = {isa = PBXBuildFile; fileRef = 504FAFD31F4D164500E08A6D /* VideoRecorderH264.cpp */; };
		504FAFE61F4D164500E08A6D /* VideoRotateFilter.cpp in Sources */ = {isa = PBXBuildFile; fileRef = 504FAFD51F4D164500E08A6D /* VideoRotateFilter.cpp */; };
		505591721EF3DF0D000AF03A /* VideoHardDecoder.cpp in Sources */ = {isa = PBXBuildFile; fileRef = 505591701EF3DF0D000AF03A /* VideoHardDecoder.cpp */; };
		5059ABD91EF3A9FB0090F0F9 /* VideoRendererImp.cpp in Sources */ = {isa = PBXBuildFile; fileRef = 5059ABD71EF3A9FB0090F0F9 /* VideoRendererImp.cpp */; };
		5059ABDC1EF3AEF40090F0F9 /* AudioRendererImp.cpp in Sources */ = {isa = PBXBuildFile; fileRef = 5059ABDA1EF3AEF40090F0F9 /* AudioRendererImp.cpp */; };
		506D67941EF10DF40022A666 /* PlayerController.cpp in Sources */ = {isa = PBXBuildFile; fileRef = 506D67921EF10DF40022A666 /* PlayerController.cpp */; };
		50A050021EA89EC2009CF72C /* RtmpPublisher.cpp in Sources */ = {isa = PBXBuildFile; fileRef = 50A050001EA89EC2009CF72C /* RtmpPublisher.cpp */; };
		50CD56971F1353AC00EC3C4A /* PublisherController.cpp in Sources */ = {isa = PBXBuildFile; fileRef = 50CD56951F1353AC00EC3C4A /* PublisherController.cpp */; };
		50E88B921EA07C9000696279 /* RtmpPlayerOC.m in Sources */ = {isa = PBXBuildFile; fileRef = 50E88B911EA07C9000696279 /* RtmpPlayerOC.m */; };
		50E88B951EA09ECC00696279 /* RtmpPublisherOC.m in Sources */ = {isa = PBXBuildFile; fileRef = 50E88B941EA09ECC00696279 /* RtmpPublisherOC.m */; };
/* End PBXBuildFile section */

/* Begin PBXCopyFilesBuildPhase section */
		50C994B61E8F9281001E1355 /* CopyFiles */ = {
			isa = PBXCopyFilesBuildPhase;
			buildActionMask = 2147483647;
			dstPath = "include/$(PRODUCT_NAME)";
			dstSubfolderSpec = 16;
			files = (
			);
			runOnlyForDeploymentPostprocessing = 0;
		};
/* End PBXCopyFilesBuildPhase section */

/* Begin PBXFileReference section */
		500337101EA0AE410078D32D /* RtmpClient.h */ = {isa = PBXFileReference; fileEncoding = 4; lastKnownFileType = sourcecode.c.h; path = RtmpClient.h; sourceTree = "<group>"; };
		500337111EA0AE410078D32D /* RtmpClient.m */ = {isa = PBXFileReference; fileEncoding = 4; lastKnownFileType = sourcecode.c.objc; path = RtmpClient.m; sourceTree = "<group>"; };
		500337171EA0C9BD0078D32D /* RtmpPlayer.cpp */ = {isa = PBXFileReference; fileEncoding = 4; lastKnownFileType = sourcecode.cpp.cpp; path = RtmpPlayer.cpp; sourceTree = "<group>"; };
		500337181EA0C9BD0078D32D /* RtmpPlayer.h */ = {isa = PBXFileReference; fileEncoding = 4; lastKnownFileType = sourcecode.c.h; path = RtmpPlayer.h; sourceTree = "<group>"; };
		500337231EA0D7560078D32D /* IDecoder.h */ = {isa = PBXFileReference; lastKnownFileType = sourcecode.c.h; path = IDecoder.h; sourceTree = "<group>"; };
		5005200A1E949B8500C45E22 /* RtmpDump.cpp */ = {isa = PBXFileReference; fileEncoding = 4; lastKnownFileType = sourcecode.cpp.cpp; path = RtmpDump.cpp; sourceTree = "<group>"; };
		5005200B1E949B8500C45E22 /* RtmpDump.h */ = {isa = PBXFileReference; fileEncoding = 4; lastKnownFileType = sourcecode.c.h; path = RtmpDump.h; sourceTree = "<group>"; };
		5005201D1E94A39900C45E22 /* libCommon-C-Library.a */ = {isa = PBXFileReference; lastKnownFileType = archive.ar; name = "libCommon-C-Library.a"; path = "../../../../../../../Library/Developer/Xcode/DerivedData/RtmpClientTest-bgmegixkccwowuaevhgiqvajvajm/Build/Products/Debug-iphonesimulator/libCommon-C-Library.a"; sourceTree = "<group>"; };
		500520201E94C85400C45E22 /* srs_librtmp.cpp */ = {isa = PBXFileReference; fileEncoding = 4; lastKnownFileType = sourcecode.cpp.cpp; path = srs_librtmp.cpp; sourceTree = "<group>"; };
		500520211E94C85400C45E22 /* srs_librtmp.h */ = {isa = PBXFileReference; fileEncoding = 4; lastKnownFileType = sourcecode.c.h; path = srs_librtmp.h; sourceTree = "<group>"; };
		500520C11EFCA10500256E58 /* Statistics.cpp */ = {isa = PBXFileReference; fileEncoding = 4; lastKnownFileType = sourcecode.cpp.cpp; path = Statistics.cpp; sourceTree = "<group>"; };
		500520C21EFCA10500256E58 /* Statistics.h */ = {isa = PBXFileReference; fileEncoding = 4; lastKnownFileType = sourcecode.c.h; path = Statistics.h; sourceTree = "<group>"; };
		5013CE2D1F14661A00C054C7 /* VideoHardEncoder.cpp */ = {isa = PBXFileReference; fileEncoding = 4; lastKnownFileType = sourcecode.cpp.cpp; path = VideoHardEncoder.cpp; sourceTree = "<group>"; };
		5013CE2E1F14661A00C054C7 /* VideoHardEncoder.h */ = {isa = PBXFileReference; fileEncoding = 4; lastKnownFileType = sourcecode.c.h; path = VideoHardEncoder.h; sourceTree = "<group>"; };
		5013CE301F14841C00C054C7 /* AudioHardEncoder.cpp */ = {isa = PBXFileReference; fileEncoding = 4; lastKnownFileType = sourcecode.cpp.cpp; path = AudioHardEncoder.cpp; sourceTree = "<group>"; };
		5013CE311F14841C00C054C7 /* AudioHardEncoder.h */ = {isa = PBXFileReference; fileEncoding = 4; lastKnownFileType = sourcecode.c.h; path = AudioHardEncoder.h; sourceTree = "<group>"; };
		501C6F3B1EF7B54B00DB56AD /* VideoHardRendererImp.cpp */ = {isa = PBXFileReference; fileEncoding = 4; lastKnownFileType = sourcecode.cpp.cpp; path = VideoHardRendererImp.cpp; sourceTree = "<group>"; };
		501C6F3C1EF7B54B00DB56AD /* VideoHardRendererImp.h */ = {isa = PBXFileReference; fileEncoding = 4; lastKnownFileType = sourcecode.c.h; path = VideoHardRendererImp.h; sourceTree = "<group>"; };
		5027D5531EF8C2D200EE3B0E /* AudioHardDecoder.cpp */ = {isa = PBXFileReference; fileEncoding = 4; lastKnownFileType = sourcecode.cpp.cpp; path = AudioHardDecoder.cpp; sourceTree = "<group>"; };
		5027D5541EF8C2D200EE3B0E /* AudioHardDecoder.h */ = {isa = PBXFileReference; fileEncoding = 4; lastKnownFileType = sourcecode.c.h; path = AudioHardDecoder.h; sourceTree = "<group>"; };
		503A70701EEF748A00BA8FF8 /* ICodec.h */ = {isa = PBXFileReference; fileEncoding = 4; lastKnownFileType = sourcecode.c.h; path = ICodec.h; sourceTree = "<group>"; };
		503A70711EEF748A00BA8FF8 /* IEncoder.h */ = {isa = PBXFileReference; fileEncoding = 4; lastKnownFileType = sourcecode.c.h; path = IEncoder.h; sourceTree = "<group>"; };
		504FAFB51F4D164500E08A6D /* AudioDecoderAAC.cpp */ = {isa = PBXFileReference; fileEncoding = 4; lastKnownFileType = sourcecode.cpp.cpp; path = AudioDecoderAAC.cpp; sourceTree = "<group>"; };
		504FAFB61F4D164500E08A6D /* AudioDecoderAAC.h */ = {isa = PBXFileReference; fileEncoding = 4; lastKnownFileType = sourcecode.c.h; path = AudioDecoderAAC.h; sourceTree = "<group>"; };
		504FAFB71F4D164500E08A6D /* AudioEncoderAAC.cpp */ = {isa = PBXFileReference; fileEncoding = 4; lastKnownFileType = sourcecode.cpp.cpp; path = AudioEncoderAAC.cpp; sourceTree = "<group>"; };
		504FAFB81F4D164500E08A6D /* AudioEncoderAAC.h */ = {isa = PBXFileReference; fileEncoding = 4; lastKnownFileType = sourcecode.c.h; path = AudioEncoderAAC.h; sourceTree = "<group>"; };
		504FAFB91F4D164500E08A6D /* AudioFrame.cpp */ = {isa = PBXFileReference; fileEncoding = 4; lastKnownFileType = sourcecode.cpp.cpp; path = AudioFrame.cpp; sourceTree = "<group>"; };
		504FAFBA1F4D164500E08A6D /* AudioFrame.h */ = {isa = PBXFileReference; fileEncoding = 4; lastKnownFileType = sourcecode.c.h; path = AudioFrame.h; sourceTree = "<group>"; };
		504FAFBB1F4D164500E08A6D /* AudioMuxer.cpp */ = {isa = PBXFileReference; fileEncoding = 4; lastKnownFileType = sourcecode.cpp.cpp; path = AudioMuxer.cpp; sourceTree = "<group>"; };
		504FAFBC1F4D164500E08A6D /* AudioMuxer.h */ = {isa = PBXFileReference; fileEncoding = 4; lastKnownFileType = sourcecode.c.h; path = AudioMuxer.h; sourceTree = "<group>"; };
		504FAFBD1F4D164500E08A6D /* AudioRecorderAAC.cpp */ = {isa = PBXFileReference; fileEncoding = 4; lastKnownFileType = sourcecode.cpp.cpp; path = AudioRecorderAAC.cpp; sourceTree = "<group>"; };
		504FAFBE1F4D164500E08A6D /* AudioRecorderAAC.h */ = {isa = PBXFileReference; fileEncoding = 4; lastKnownFileType = sourcecode.c.h; path = AudioRecorderAAC.h; sourceTree = "<group>"; };
		504FAFC01F4D164500E08A6D /* CacheBufferQueue.cpp */ = {isa = PBXFileReference; fileEncoding = 4; lastKnownFileType = sourcecode.cpp.cpp; path = CacheBufferQueue.cpp; sourceTree = "<group>"; };
		504FAFC11F4D164500E08A6D /* CacheBufferQueue.h */ = {isa = PBXFileReference; fileEncoding = 4; lastKnownFileType = sourcecode.c.h; path = CacheBufferQueue.h; sourceTree = "<group>"; };
		504FAFC21F4D164500E08A6D /* EncodeDecodeBuffer.cpp */ = {isa = PBXFileReference; fileEncoding = 4; lastKnownFileType = sourcecode.cpp.cpp; path = EncodeDecodeBuffer.cpp; sourceTree = "<group>"; };
		504FAFC31F4D164500E08A6D /* EncodeDecodeBuffer.h */ = {isa = PBXFileReference; fileEncoding = 4; lastKnownFileType = sourcecode.c.h; path = EncodeDecodeBuffer.h; sourceTree = "<group>"; };
		504FAFC41F4D164500E08A6D /* FrameBuffer.cpp */ = {isa = PBXFileReference; fileEncoding = 4; lastKnownFileType = sourcecode.cpp.cpp; path = FrameBuffer.cpp; sourceTree = "<group>"; };
		504FAFC51F4D164500E08A6D /* FrameBuffer.h */ = {isa = PBXFileReference; fileEncoding = 4; lastKnownFileType = sourcecode.c.h; path = FrameBuffer.h; sourceTree = "<group>"; };
		504FAFC71F4D164500E08A6D /* VideoDecoderH264.cpp */ = {isa = PBXFileReference; fileEncoding = 4; lastKnownFileType = sourcecode.cpp.cpp; path = VideoDecoderH264.cpp; sourceTree = "<group>"; };
		504FAFC81F4D164500E08A6D /* VideoDecoderH264.h */ = {isa = PBXFileReference; fileEncoding = 4; lastKnownFileType = sourcecode.c.h; path = VideoDecoderH264.h; sourceTree = "<group>"; };
		504FAFC91F4D164500E08A6D /* VideoEncoderH264.cpp */ = {isa = PBXFileReference; fileEncoding = 4; lastKnownFileType = sourcecode.cpp.cpp; path = VideoEncoderH264.cpp; sourceTree = "<group>"; };
		504FAFCA1F4D164500E08A6D /* VideoEncoderH264.h */ = {isa = PBXFileReference; fileEncoding = 4; lastKnownFileType = sourcecode.c.h; path = VideoEncoderH264.h; sourceTree = "<group>"; };
		504FAFCB1F4D164500E08A6D /* VideoFilters.cpp */ = {isa = PBXFileReference; fileEncoding = 4; lastKnownFileType = sourcecode.cpp.cpp; path = VideoFilters.cpp; sourceTree = "<group>"; };
		504FAFCC1F4D164500E08A6D /* VideoFilters.h */ = {isa = PBXFileReference; fileEncoding = 4; lastKnownFileType = sourcecode.c.h; path = VideoFilters.h; sourceTree = "<group>"; };
		504FAFCD1F4D164500E08A6D /* VideoFormatConverter.cpp */ = {isa = PBXFileReference; fileEncoding = 4; lastKnownFileType = sourcecode.cpp.cpp; path = VideoFormatConverter.cpp; sourceTree = "<group>"; };
		504FAFCE1F4D164500E08A6D /* VideoFormatConverter.h */ = {isa = PBXFileReference; fileEncoding = 4; lastKnownFileType = sourcecode.c.h; path = VideoFormatConverter.h; sourceTree = "<group>"; };
		504FAFCF1F4D164500E08A6D /* VideoFrame.cpp */ = {isa = PBXFileReference; fileEncoding = 4; lastKnownFileType = sourcecode.cpp.cpp; path = VideoFrame.cpp; sourceTree = "<group>"; };
		504FAFD01F4D164500E08A6D /* VideoFrame.h */ = {isa = PBXFileReference; fileEncoding = 4; lastKnownFileType = sourcecode.c.h; path = VideoFrame.h; sourceTree = "<group>"; };
		504FAFD11F4D164500E08A6D /* VideoMuxer.cpp */ = {isa = PBXFileReference; fileEncoding = 4; lastKnownFileType = sourcecode.cpp.cpp; path = VideoMuxer.cpp; sourceTree = "<group>"; };
		504FAFD21F4D164500E08A6D /* VideoMuxer.h */ = {isa = PBXFileReference; fileEncoding = 4; lastKnownFileType = sourcecode.c.h; path = VideoMuxer.h; sourceTree = "<group>"; };
		504FAFD31F4D164500E08A6D /* VideoRecorderH264.cpp */ = {isa = PBXFileReference; fileEncoding = 4; lastKnownFileType = sourcecode.cpp.cpp; path = VideoRecorderH264.cpp; sourceTree = "<group>"; };
		504FAFD41F4D164500E08A6D /* VideoRecorderH264.h */ = {isa = PBXFileReference; fileEncoding = 4; lastKnownFileType = sourcecode.c.h; path = VideoRecorderH264.h; sourceTree = "<group>"; };
		504FAFD51F4D164500E08A6D /* VideoRotateFilter.cpp */ = {isa = PBXFileReference; fileEncoding = 4; lastKnownFileType = sourcecode.cpp.cpp; path = VideoRotateFilter.cpp; sourceTree = "<group>"; };
		504FAFD61F4D164500E08A6D /* VideoRotateFilter.h */ = {isa = PBXFileReference; fileEncoding = 4; lastKnownFileType = sourcecode.c.h; path = VideoRotateFilter.h; sourceTree = "<group>"; };
		505591701EF3DF0D000AF03A /* VideoHardDecoder.cpp */ = {isa = PBXFileReference; fileEncoding = 4; lastKnownFileType = sourcecode.cpp.cpp; path = VideoHardDecoder.cpp; sourceTree = "<group>"; };
		505591711EF3DF0D000AF03A /* VideoHardDecoder.h */ = {isa = PBXFileReference; fileEncoding = 4; lastKnownFileType = sourcecode.c.h; path = VideoHardDecoder.h; sourceTree = "<group>"; };
		5059ABD71EF3A9FB0090F0F9 /* VideoRendererImp.cpp */ = {isa = PBXFileReference; fileEncoding = 4; lastKnownFileType = sourcecode.cpp.cpp; path = VideoRendererImp.cpp; sourceTree = "<group>"; };
		5059ABD81EF3A9FB0090F0F9 /* VideoRendererImp.h */ = {isa = PBXFileReference; fileEncoding = 4; lastKnownFileType = sourcecode.c.h; path = VideoRendererImp.h; sourceTree = "<group>"; };
		5059ABDA1EF3AEF40090F0F9 /* AudioRendererImp.cpp */ = {isa = PBXFileReference; fileEncoding = 4; lastKnownFileType = sourcecode.cpp.cpp; path = AudioRendererImp.cpp; sourceTree = "<group>"; };
		5059ABDB1EF3AEF40090F0F9 /* AudioRendererImp.h */ = {isa = PBXFileReference; fileEncoding = 4; lastKnownFileType = sourcecode.c.h; path = AudioRendererImp.h; sourceTree = "<group>"; };
		506D67921EF10DF40022A666 /* PlayerController.cpp */ = {isa = PBXFileReference; fileEncoding = 4; lastKnownFileType = sourcecode.cpp.cpp; path = PlayerController.cpp; sourceTree = "<group>"; };
		506D67931EF10DF40022A666 /* PlayerController.h */ = {isa = PBXFileReference; fileEncoding = 4; lastKnownFileType = sourcecode.c.h; path = PlayerController.h; sourceTree = "<group>"; };
		50A050001EA89EC2009CF72C /* RtmpPublisher.cpp */ = {isa = PBXFileReference; fileEncoding = 4; lastKnownFileType = sourcecode.cpp.cpp; path = RtmpPublisher.cpp; sourceTree = "<group>"; };
		50A050011EA89EC2009CF72C /* RtmpPublisher.h */ = {isa = PBXFileReference; fileEncoding = 4; lastKnownFileType = sourcecode.c.h; path = RtmpPublisher.h; sourceTree = "<group>"; };
		50AE07291F97336A005CF8D2 /* RtmpClient-PrefixHeader.pch */ = {isa = PBXFileReference; lastKnownFileType = sourcecode.c.h; path = "RtmpClient-PrefixHeader.pch"; sourceTree = "<group>"; };
		50C994B81E8F9281001E1355 /* libRtmpClient.a */ = {isa = PBXFileReference; explicitFileType = archive.ar; includeInIndex = 0; path = libRtmpClient.a; sourceTree = BUILT_PRODUCTS_DIR; };
		50CD56951F1353AC00EC3C4A /* PublisherController.cpp */ = {isa = PBXFileReference; fileEncoding = 4; lastKnownFileType = sourcecode.cpp.cpp; path = PublisherController.cpp; sourceTree = "<group>"; };
		50CD56961F1353AC00EC3C4A /* PublisherController.h */ = {isa = PBXFileReference; fileEncoding = 4; lastKnownFileType = sourcecode.c.h; path = PublisherController.h; sourceTree = "<group>"; };
		50CD56981F1356F000EC3C4A /* IAudioRenderer.h */ = {isa = PBXFileReference; fileEncoding = 4; lastKnownFileType = sourcecode.c.h; path = IAudioRenderer.h; sourceTree = "<group>"; };
		50CD56991F1356F000EC3C4A /* IVideoRenderer.h */ = {isa = PBXFileReference; fileEncoding = 4; lastKnownFileType = sourcecode.c.h; path = IVideoRenderer.h; sourceTree = "<group>"; };
		50E88B901EA07C9000696279 /* RtmpPlayerOC.h */ = {isa = PBXFileReference; fileEncoding = 4; lastKnownFileType = sourcecode.c.h; path = RtmpPlayerOC.h; sourceTree = "<group>"; };
		50E88B911EA07C9000696279 /* RtmpPlayerOC.m */ = {isa = PBXFileReference; fileEncoding = 4; lastKnownFileType = sourcecode.c.objc; path = RtmpPlayerOC.m; sourceTree = "<group>"; };
		50E88B931EA09ECC00696279 /* RtmpPublisherOC.h */ = {isa = PBXFileReference; fileEncoding = 4; lastKnownFileType = sourcecode.c.h; path = RtmpPublisherOC.h; sourceTree = "<group>"; };
		50E88B941EA09ECC00696279 /* RtmpPublisherOC.m */ = {isa = PBXFileReference; fileEncoding = 4; lastKnownFileType = sourcecode.c.objc; path = RtmpPublisherOC.m; sourceTree = "<group>"; };
/* End PBXFileReference section */

/* Begin PBXFrameworksBuildPhase section */
		50C994B51E8F9281001E1355 /* Frameworks */ = {
			isa = PBXFrameworksBuildPhase;
			buildActionMask = 2147483647;
			files = (
			);
			runOnlyForDeploymentPostprocessing = 0;
		};
/* End PBXFrameworksBuildPhase section */

/* Begin PBXGroup section */
		500520091E949B8500C45E22 /* rtmpdump */ = {
			isa = PBXGroup;
			children = (
				504FAFB41F4D164500E08A6D /* audio */,
				50CD56981F1356F000EC3C4A /* IAudioRenderer.h */,
				503A70701EEF748A00BA8FF8 /* ICodec.h */,
				500337231EA0D7560078D32D /* IDecoder.h */,
				503A70711EEF748A00BA8FF8 /* IEncoder.h */,
				5059ABCD1EF3A8BC0090F0F9 /* iOS */,
				50CD56991F1356F000EC3C4A /* IVideoRenderer.h */,
				506D67921EF10DF40022A666 /* PlayerController.cpp */,
				506D67931EF10DF40022A666 /* PlayerController.h */,
				50CD56951F1353AC00EC3C4A /* PublisherController.cpp */,
				50CD56961F1353AC00EC3C4A /* PublisherController.h */,
				5005200A1E949B8500C45E22 /* RtmpDump.cpp */,
				5005200B1E949B8500C45E22 /* RtmpDump.h */,
				500337171EA0C9BD0078D32D /* RtmpPlayer.cpp */,
				500337181EA0C9BD0078D32D /* RtmpPlayer.h */,
				50A050001EA89EC2009CF72C /* RtmpPublisher.cpp */,
				50A050011EA89EC2009CF72C /* RtmpPublisher.h */,
				500520C11EFCA10500256E58 /* Statistics.cpp */,
				500520C21EFCA10500256E58 /* Statistics.h */,
				504FAFBF1F4D164500E08A6D /* util */,
				504FAFC61F4D164500E08A6D /* video */,
			);
			name = rtmpdump;
			path = "../../../../common-c-library/rtmpdump";
			sourceTree = "<group>";
		};
		5005201C1E94A39900C45E22 /* Frameworks */ = {
			isa = PBXGroup;
			children = (
				5005201D1E94A39900C45E22 /* libCommon-C-Library.a */,
			);
			name = Frameworks;
			sourceTree = "<group>";
		};
		5005201F1E94C85400C45E22 /* srs */ = {
			isa = PBXGroup;
			children = (
				500520201E94C85400C45E22 /* srs_librtmp.cpp */,
				500520211E94C85400C45E22 /* srs_librtmp.h */,
			);
			name = srs;
			path = "../../../../common-c-library/third_party/srs";
			sourceTree = "<group>";
		};
		500520231E94C85D00C45E22 /* third-party */ = {
			isa = PBXGroup;
			children = (
				5005201F1E94C85400C45E22 /* srs */,
			);
			name = "third-party";
			sourceTree = "<group>";
		};
		504FAFB41F4D164500E08A6D /* audio */ = {
			isa = PBXGroup;
			children = (
				504FAFB51F4D164500E08A6D /* AudioDecoderAAC.cpp */,
				504FAFB61F4D164500E08A6D /* AudioDecoderAAC.h */,
				504FAFB71F4D164500E08A6D /* AudioEncoderAAC.cpp */,
				504FAFB81F4D164500E08A6D /* AudioEncoderAAC.h */,
				504FAFB91F4D164500E08A6D /* AudioFrame.cpp */,
				504FAFBA1F4D164500E08A6D /* AudioFrame.h */,
				504FAFBB1F4D164500E08A6D /* AudioMuxer.cpp */,
				504FAFBC1F4D164500E08A6D /* AudioMuxer.h */,
				504FAFBD1F4D164500E08A6D /* AudioRecorderAAC.cpp */,
				504FAFBE1F4D164500E08A6D /* AudioRecorderAAC.h */,
			);
			path = audio;
			sourceTree = "<group>";
		};
		504FAFBF1F4D164500E08A6D /* util */ = {
			isa = PBXGroup;
			children = (
				504FAFC01F4D164500E08A6D /* CacheBufferQueue.cpp */,
				504FAFC11F4D164500E08A6D /* CacheBufferQueue.h */,
				504FAFC21F4D164500E08A6D /* EncodeDecodeBuffer.cpp */,
				504FAFC31F4D164500E08A6D /* EncodeDecodeBuffer.h */,
				504FAFC41F4D164500E08A6D /* FrameBuffer.cpp */,
				504FAFC51F4D164500E08A6D /* FrameBuffer.h */,
			);
			path = util;
			sourceTree = "<group>";
		};
		504FAFC61F4D164500E08A6D /* video */ = {
			isa = PBXGroup;
			children = (
				504FAFC71F4D164500E08A6D /* VideoDecoderH264.cpp */,
				504FAFC81F4D164500E08A6D /* VideoDecoderH264.h */,
				504FAFC91F4D164500E08A6D /* VideoEncoderH264.cpp */,
				504FAFCA1F4D164500E08A6D /* VideoEncoderH264.h */,
				504FAFCB1F4D164500E08A6D /* VideoFilters.cpp */,
				504FAFCC1F4D164500E08A6D /* VideoFilters.h */,
				504FAFCD1F4D164500E08A6D /* VideoFormatConverter.cpp */,
				504FAFCE1F4D164500E08A6D /* VideoFormatConverter.h */,
				504FAFCF1F4D164500E08A6D /* VideoFrame.cpp */,
				504FAFD01F4D164500E08A6D /* VideoFrame.h */,
				504FAFD11F4D164500E08A6D /* VideoMuxer.cpp */,
				504FAFD21F4D164500E08A6D /* VideoMuxer.h */,
				504FAFD31F4D164500E08A6D /* VideoRecorderH264.cpp */,
				504FAFD41F4D164500E08A6D /* VideoRecorderH264.h */,
				504FAFD51F4D164500E08A6D /* VideoRotateFilter.cpp */,
				504FAFD61F4D164500E08A6D /* VideoRotateFilter.h */,
			);
			path = video;
			sourceTree = "<group>";
		};
		5059ABCD1EF3A8BC0090F0F9 /* iOS */ = {
			isa = PBXGroup;
			children = (
				5027D5531EF8C2D200EE3B0E /* AudioHardDecoder.cpp */,
				5027D5541EF8C2D200EE3B0E /* AudioHardDecoder.h */,
				5013CE301F14841C00C054C7 /* AudioHardEncoder.cpp */,
				5013CE311F14841C00C054C7 /* AudioHardEncoder.h */,
				5059ABDA1EF3AEF40090F0F9 /* AudioRendererImp.cpp */,
				5059ABDB1EF3AEF40090F0F9 /* AudioRendererImp.h */,
				505591701EF3DF0D000AF03A /* VideoHardDecoder.cpp */,
				505591711EF3DF0D000AF03A /* VideoHardDecoder.h */,
				5013CE2D1F14661A00C054C7 /* VideoHardEncoder.cpp */,
				5013CE2E1F14661A00C054C7 /* VideoHardEncoder.h */,
				501C6F3B1EF7B54B00DB56AD /* VideoHardRendererImp.cpp */,
				501C6F3C1EF7B54B00DB56AD /* VideoHardRendererImp.h */,
				5059ABD71EF3A9FB0090F0F9 /* VideoRendererImp.cpp */,
				5059ABD81EF3A9FB0090F0F9 /* VideoRendererImp.h */,
			);
			path = iOS;
			sourceTree = "<group>";
		};
		50C994AF1E8F9281001E1355 = {
			isa = PBXGroup;
			children = (
				50C994BA1E8F9281001E1355 /* RtmpClient */,
				50C994B91E8F9281001E1355 /* Products */,
				5005201C1E94A39900C45E22 /* Frameworks */,
			);
			sourceTree = "<group>";
		};
		50C994B91E8F9281001E1355 /* Products */ = {
			isa = PBXGroup;
			children = (
				50C994B81E8F9281001E1355 /* libRtmpClient.a */,
			);
			name = Products;
			sourceTree = "<group>";
		};
		50C994BA1E8F9281001E1355 /* RtmpClient */ = {
			isa = PBXGroup;
			children = (
				500337101EA0AE410078D32D /* RtmpClient.h */,
				500337111EA0AE410078D32D /* RtmpClient.m */,
				500520091E949B8500C45E22 /* rtmpdump */,
				50E88B901EA07C9000696279 /* RtmpPlayerOC.h */,
				50E88B911EA07C9000696279 /* RtmpPlayerOC.m */,
				50E88B931EA09ECC00696279 /* RtmpPublisherOC.h */,
				50E88B941EA09ECC00696279 /* RtmpPublisherOC.m */,
				500520231E94C85D00C45E22 /* third-party */,
				50AE07291F97336A005CF8D2 /* RtmpClient-PrefixHeader.pch */,
			);
			path = RtmpClient;
			sourceTree = "<group>";
		};
/* End PBXGroup section */

/* Begin PBXNativeTarget section */
		50C994B71E8F9281001E1355 /* RtmpClient */ = {
			isa = PBXNativeTarget;
			buildConfigurationList = 50C994C11E8F9281001E1355 /* Build configuration list for PBXNativeTarget "RtmpClient" */;
			buildPhases = (
				50C994B41E8F9281001E1355 /* Sources */,
				50C994B51E8F9281001E1355 /* Frameworks */,
				50C994B61E8F9281001E1355 /* CopyFiles */,
			);
			buildRules = (
			);
			dependencies = (
			);
			name = RtmpClient;
			productName = RtmpClient;
			productReference = 50C994B81E8F9281001E1355 /* libRtmpClient.a */;
			productType = "com.apple.product-type.library.static";
		};
/* End PBXNativeTarget section */

/* Begin PBXProject section */
		50C994B01E8F9281001E1355 /* Project object */ = {
			isa = PBXProject;
			attributes = {
				LastUpgradeCheck = 0820;
				ORGANIZATIONNAME = net.qdating;
				TargetAttributes = {
					50C994B71E8F9281001E1355 = {
						CreatedOnToolsVersion = 8.2.1;
						DevelopmentTeam = MK37J4UMHH;
						ProvisioningStyle = Automatic;
					};
				};
			};
			buildConfigurationList = 50C994B31E8F9281001E1355 /* Build configuration list for PBXProject "RtmpClient" */;
			compatibilityVersion = "Xcode 3.2";
			developmentRegion = English;
			hasScannedForEncodings = 0;
			knownRegions = (
				en,
			);
			mainGroup = 50C994AF1E8F9281001E1355;
			productRefGroup = 50C994B91E8F9281001E1355 /* Products */;
			projectDirPath = "";
			projectRoot = "";
			targets = (
				50C994B71E8F9281001E1355 /* RtmpClient */,
			);
		};
/* End PBXProject section */

/* Begin PBXSourcesBuildPhase section */
		50C994B41E8F9281001E1355 /* Sources */ = {
			isa = PBXSourcesBuildPhase;
			buildActionMask = 2147483647;
			files = (
				504FAFE21F4D164500E08A6D /* VideoFormatConverter.cpp in Sources */,
				5013CE321F14841C00C054C7 /* AudioHardEncoder.cpp in Sources */,
				504FAFE11F4D164500E08A6D /* VideoFilters.cpp in Sources */,
				5005200C1E949B8500C45E22 /* RtmpDump.cpp in Sources */,
				5059ABD91EF3A9FB0090F0F9 /* VideoRendererImp.cpp in Sources */,
				504FAFDD1F4D164500E08A6D /* EncodeDecodeBuffer.cpp in Sources */,
				504FAFE41F4D164500E08A6D /* VideoMuxer.cpp in Sources */,
				504FAFDF1F4D164500E08A6D /* VideoDecoderH264.cpp in Sources */,
				500337191EA0C9BD0078D32D /* RtmpPlayer.cpp in Sources */,
				504FAFDB1F4D164500E08A6D /* AudioRecorderAAC.cpp in Sources */,
				504FAFD81F4D164500E08A6D /* AudioEncoderAAC.cpp in Sources */,
				5027D5551EF8C2D200EE3B0E /* AudioHardDecoder.cpp in Sources */,
				50CD56971F1353AC00EC3C4A /* PublisherController.cpp in Sources */,
				500520C31EFCA10500256E58 /* Statistics.cpp in Sources */,
				506D67941EF10DF40022A666 /* PlayerController.cpp in Sources */,
				504FAFE01F4D164500E08A6D /* VideoEncoderH264.cpp in Sources */,
				50A050021EA89EC2009CF72C /* RtmpPublisher.cpp in Sources */,
				5013CE2F1F14661A00C054C7 /* VideoHardEncoder.cpp in Sources */,
				504FAFDA1F4D164500E08A6D /* AudioMuxer.cpp in Sources */,
				504FAFDC1F4D164500E08A6D /* CacheBufferQueue.cpp in Sources */,
				504FAFDE1F4D164500E08A6D /* FrameBuffer.cpp in Sources */,
				5059ABDC1EF3AEF40090F0F9 /* AudioRendererImp.cpp in Sources */,
				504FAFD91F4D164500E08A6D /* AudioFrame.cpp in Sources */,
				504FAFE51F4D164500E08A6D /* VideoRecorderH264.cpp in Sources */,
				504FAFD71F4D164500E08A6D /* AudioDecoderAAC.cpp in Sources */,
				504FAFE31F4D164500E08A6D /* VideoFrame.cpp in Sources */,
				500520221E94C85400C45E22 /* srs_librtmp.cpp in Sources */,
				50E88B951EA09ECC00696279 /* RtmpPublisherOC.m in Sources */,
				501C6F3D1EF7B54B00DB56AD /* VideoHardRendererImp.cpp in Sources */,
				505591721EF3DF0D000AF03A /* VideoHardDecoder.cpp in Sources */,
				50E88B921EA07C9000696279 /* RtmpPlayerOC.m in Sources */,
				504FAFE61F4D164500E08A6D /* VideoRotateFilter.cpp in Sources */,
				500337121EA0AE410078D32D /* RtmpClient.m in Sources */,
			);
			runOnlyForDeploymentPostprocessing = 0;
		};
/* End PBXSourcesBuildPhase section */

/* Begin XCBuildConfiguration section */
		50C994BF1E8F9281001E1355 /* Debug */ = {
			isa = XCBuildConfiguration;
			buildSettings = {
				ALWAYS_SEARCH_USER_PATHS = NO;
				CLANG_ANALYZER_NONNULL = YES;
				CLANG_CXX_LANGUAGE_STANDARD = "gnu++0x";
				CLANG_CXX_LIBRARY = "libc++";
				CLANG_ENABLE_MODULES = YES;
				CLANG_ENABLE_OBJC_ARC = YES;
				CLANG_WARN_BOOL_CONVERSION = YES;
				CLANG_WARN_CONSTANT_CONVERSION = YES;
				CLANG_WARN_DIRECT_OBJC_ISA_USAGE = YES_ERROR;
				CLANG_WARN_DOCUMENTATION_COMMENTS = YES;
				CLANG_WARN_EMPTY_BODY = YES;
				CLANG_WARN_ENUM_CONVERSION = YES;
				CLANG_WARN_INFINITE_RECURSION = YES;
				CLANG_WARN_INT_CONVERSION = YES;
				CLANG_WARN_OBJC_ROOT_CLASS = YES_ERROR;
				CLANG_WARN_SUSPICIOUS_MOVE = YES;
				CLANG_WARN_UNREACHABLE_CODE = YES;
				CLANG_WARN__DUPLICATE_METHOD_MATCH = YES;
				"CODE_SIGN_IDENTITY[sdk=iphoneos*]" = "iPhone Developer";
				COPY_PHASE_STRIP = NO;
				DEBUG_INFORMATION_FORMAT = dwarf;
				ENABLE_STRICT_OBJC_MSGSEND = YES;
				ENABLE_TESTABILITY = YES;
				GCC_C_LANGUAGE_STANDARD = gnu99;
				GCC_DYNAMIC_NO_PIC = NO;
				GCC_NO_COMMON_BLOCKS = YES;
				GCC_OPTIMIZATION_LEVEL = 0;
				GCC_PREPROCESSOR_DEFINITIONS = (
					"DEBUG=1",
					"$(inherited)",
				);
				GCC_WARN_64_TO_32_BIT_CONVERSION = YES;
				GCC_WARN_ABOUT_RETURN_TYPE = YES_ERROR;
				GCC_WARN_UNDECLARED_SELECTOR = YES;
				GCC_WARN_UNINITIALIZED_AUTOS = YES_AGGRESSIVE;
				GCC_WARN_UNUSED_FUNCTION = YES;
				GCC_WARN_UNUSED_VARIABLE = YES;
				IPHONEOS_DEPLOYMENT_TARGET = 8.0;
				MTL_ENABLE_DEBUG_INFO = YES;
				ONLY_ACTIVE_ARCH = YES;
				SDKROOT = iphoneos;
			};
			name = Debug;
		};
		50C994C01E8F9281001E1355 /* Release */ = {
			isa = XCBuildConfiguration;
			buildSettings = {
				ALWAYS_SEARCH_USER_PATHS = NO;
				CLANG_ANALYZER_NONNULL = YES;
				CLANG_CXX_LANGUAGE_STANDARD = "gnu++0x";
				CLANG_CXX_LIBRARY = "libc++";
				CLANG_ENABLE_MODULES = YES;
				CLANG_ENABLE_OBJC_ARC = YES;
				CLANG_WARN_BOOL_CONVERSION = YES;
				CLANG_WARN_CONSTANT_CONVERSION = YES;
				CLANG_WARN_DIRECT_OBJC_ISA_USAGE = YES_ERROR;
				CLANG_WARN_DOCUMENTATION_COMMENTS = YES;
				CLANG_WARN_EMPTY_BODY = YES;
				CLANG_WARN_ENUM_CONVERSION = YES;
				CLANG_WARN_INFINITE_RECURSION = YES;
				CLANG_WARN_INT_CONVERSION = YES;
				CLANG_WARN_OBJC_ROOT_CLASS = YES_ERROR;
				CLANG_WARN_SUSPICIOUS_MOVE = YES;
				CLANG_WARN_UNREACHABLE_CODE = YES;
				CLANG_WARN__DUPLICATE_METHOD_MATCH = YES;
				"CODE_SIGN_IDENTITY[sdk=iphoneos*]" = "iPhone Developer";
				COPY_PHASE_STRIP = NO;
				DEBUG_INFORMATION_FORMAT = "dwarf-with-dsym";
				ENABLE_NS_ASSERTIONS = NO;
				ENABLE_STRICT_OBJC_MSGSEND = YES;
				GCC_C_LANGUAGE_STANDARD = gnu99;
				GCC_NO_COMMON_BLOCKS = YES;
				GCC_WARN_64_TO_32_BIT_CONVERSION = YES;
				GCC_WARN_ABOUT_RETURN_TYPE = YES_ERROR;
				GCC_WARN_UNDECLARED_SELECTOR = YES;
				GCC_WARN_UNINITIALIZED_AUTOS = YES_AGGRESSIVE;
				GCC_WARN_UNUSED_FUNCTION = YES;
				GCC_WARN_UNUSED_VARIABLE = YES;
				IPHONEOS_DEPLOYMENT_TARGET = 8.0;
				MTL_ENABLE_DEBUG_INFO = NO;
				SDKROOT = iphoneos;
				VALIDATE_PRODUCT = YES;
			};
			name = Release;
		};
		50C994C21E8F9281001E1355 /* Debug */ = {
			isa = XCBuildConfiguration;
			buildSettings = {
				CLANG_CXX_LANGUAGE_STANDARD = "gnu++98";
				CLANG_CXX_LIBRARY = "libc++";
				COMMON_C_SRC_ROOT = "${SRCROOT}/../../../common-c-library";
				COMMON_C_SRC_THIRD_PARTY_ROOT = "${COMMON_C_SRC_ROOT}/third_party";
				DEVELOPMENT_TEAM = MK37J4UMHH;
				GCC_C_LANGUAGE_STANDARD = gnu99;
				GCC_INPUT_FILETYPE = sourcecode.cpp.objcpp;
				GCC_PREFIX_HEADER = "${SRCROOT}/${PROJECT_NAME}/RtmpClient-PrefixHeader.pch";
				GPUIMAGE_SRC_ROOT = "${SRCROOT}/../GPUImage/Source";
				HEADER_SEARCH_PATHS = (
					"$(SRCROOT)/../../Config",
					"${COMMON_C_SRC_ROOT}",
					"${COMMON_C_SRC_THIRD_PARTY_ROOT}",
					"${GPUIMAGE_SRC_ROOT}",
					"${THIRD_PARTY_FFMPEG_ROOT}/include",
				);
				LIBRARY_SEARCH_PATHS = (
					"$(inherited)",
					"${SRCROOT}/RtmpClient/third_party/lib",
				);
				ONLY_ACTIVE_ARCH = NO;
				OTHER_CFLAGS = (
					"-DIOS",
					"-DPRINT_JNI_LOG",
					"-DFILE_JNI_LOG",
				);
				OTHER_LDFLAGS = "-ObjC";
				PRODUCT_NAME = "$(TARGET_NAME)";
				SKIP_INSTALL = YES;
				THIRD_PARTY_FFMPEG_ROOT = "${COMMON_C_SRC_ROOT}/third_party/ffmpeg/iOS";
				WARNING_CFLAGS = (
					"-Wno-documentation",
					"-Wno-unused-variable",
				);
			};
			name = Debug;
		};
		50C994C31E8F9281001E1355 /* Release */ = {
			isa = XCBuildConfiguration;
			buildSettings = {
				CLANG_CXX_LANGUAGE_STANDARD = "gnu++98";
				CLANG_CXX_LIBRARY = "libc++";
				COMMON_C_SRC_ROOT = "${SRCROOT}/../../../common-c-library";
				COMMON_C_SRC_THIRD_PARTY_ROOT = "${COMMON_C_SRC_ROOT}/third_party";
				DEVELOPMENT_TEAM = MK37J4UMHH;
				GCC_C_LANGUAGE_STANDARD = gnu99;
				GCC_INPUT_FILETYPE = sourcecode.cpp.objcpp;
				GCC_PREFIX_HEADER = "${SRCROOT}/${PROJECT_NAME}/RtmpClient-PrefixHeader.pch";
				GPUIMAGE_SRC_ROOT = "${SRCROOT}/../GPUImage/Source";
				HEADER_SEARCH_PATHS = (
					"$(SRCROOT)/../../Config",
					"${COMMON_C_SRC_ROOT}",
					"${COMMON_C_SRC_THIRD_PARTY_ROOT}",
					"${GPUIMAGE_SRC_ROOT}",
					"${THIRD_PARTY_FFMPEG_ROOT}/include",
				);
				LIBRARY_SEARCH_PATHS = (
					"$(inherited)",
					"${SRCROOT}/RtmpClient/third_party/lib",
				);
				OTHER_CFLAGS = (
					"-DIOS",
					"-DPRINT_JNI_LOG",
					"-DFILE_JNI_LOG",
				);
				OTHER_LDFLAGS = "-ObjC";
				PRODUCT_NAME = "$(TARGET_NAME)";
				SKIP_INSTALL = YES;
				THIRD_PARTY_FFMPEG_ROOT = "${COMMON_C_SRC_ROOT}/third_party/ffmpeg/iOS";
				WARNING_CFLAGS = (
					"-Wno-documentation",
					"-Wno-unused-variable",
				);
			};
			name = Release;
		};
/* End XCBuildConfiguration section */

/* Begin XCConfigurationList section */
		50C994B31E8F9281001E1355 /* Build configuration list for PBXProject "RtmpClient" */ = {
			isa = XCConfigurationList;
			buildConfigurations = (
				50C994BF1E8F9281001E1355 /* Debug */,
				50C994C01E8F9281001E1355 /* Release */,
			);
			defaultConfigurationIsVisible = 0;
			defaultConfigurationName = Release;
		};
		50C994C11E8F9281001E1355 /* Build configuration list for PBXNativeTarget "RtmpClient" */ = {
			isa = XCConfigurationList;
			buildConfigurations = (
				50C994C21E8F9281001E1355 /* Debug */,
				50C994C31E8F9281001E1355 /* Release */,
			);
			defaultConfigurationIsVisible = 0;
			defaultConfigurationName = Release;
		};
/* End XCConfigurationList section */
	};
	rootObject = 50C994B01E8F9281001E1355 /* Project object */;
}
